// !$*UTF8*$!
{
	archiveVersion = 1;
	classes = {
	};
	objectVersion = 46;
	objects = {

/* Begin PBXBuildFile section */
		C34E881C15E5809F004D6B14 /* Cocoa.framework in Frameworks */ = {isa = PBXBuildFile; fileRef = C34E881B15E5809F004D6B14 /* Cocoa.framework */; };
		C34E882615E5809F004D6B14 /* InfoPlist.strings in Resources */ = {isa = PBXBuildFile; fileRef = C34E882415E5809F004D6B14 /* InfoPlist.strings */; };
		C34E882815E5809F004D6B14 /* main.m in Sources */ = {isa = PBXBuildFile; fileRef = C34E882715E5809F004D6B14 /* main.m */; };
		C34E882C15E5809F004D6B14 /* Credits.rtf in Resources */ = {isa = PBXBuildFile; fileRef = C34E882A15E5809F004D6B14 /* Credits.rtf */; };
		C34E882F15E5809F004D6B14 /* SPTAppDelegate.m in Sources */ = {isa = PBXBuildFile; fileRef = C34E882E15E5809F004D6B14 /* SPTAppDelegate.m */; };
		C34E883215E580A0004D6B14 /* MainMenu.xib in Resources */ = {isa = PBXBuildFile; fileRef = C34E883015E580A0004D6B14 /* MainMenu.xib */; };
		C34E883A15E580A0004D6B14 /* SenTestingKit.framework in Frameworks */ = {isa = PBXBuildFile; fileRef = C34E883915E580A0004D6B14 /* SenTestingKit.framework */; };
		C34E883B15E580A0004D6B14 /* Cocoa.framework in Frameworks */ = {isa = PBXBuildFile; fileRef = C34E881B15E5809F004D6B14 /* Cocoa.framework */; };
		C34E884315E580A0004D6B14 /* InfoPlist.strings in Resources */ = {isa = PBXBuildFile; fileRef = C34E884115E580A0004D6B14 /* InfoPlist.strings */; };
		C34E884615E580A0004D6B14 /* SmaphotagTests.m in Sources */ = {isa = PBXBuildFile; fileRef = C34E884515E580A0004D6B14 /* SmaphotagTests.m */; };
		C34E885115E58452004D6B14 /* SPTPhotoTagger.m in Sources */ = {isa = PBXBuildFile; fileRef = C34E885015E58452004D6B14 /* SPTPhotoTagger.m */; };
		C34E891215E599EA004D6B14 /* exiftool in Resources */ = {isa = PBXBuildFile; fileRef = C34E885615E599E9004D6B14 /* exiftool */; };
		C34E891315E599EA004D6B14 /* RandomAccess.pm in Resources */ = {isa = PBXBuildFile; fileRef = C34E885915E599E9004D6B14 /* RandomAccess.pm */; };
		C34E891415E599EA004D6B14 /* RandomAccess.pod in Resources */ = {isa = PBXBuildFile; fileRef = C34E885A15E599E9004D6B14 /* RandomAccess.pod */; };
		C34E891515E599EA004D6B14 /* AES.pm in Resources */ = {isa = PBXBuildFile; fileRef = C34E885D15E599E9004D6B14 /* AES.pm */; };
		C34E891615E599EA004D6B14 /* AFCP.pm in Resources */ = {isa = PBXBuildFile; fileRef = C34E885E15E599E9004D6B14 /* AFCP.pm */; };
		C34E891715E599EA004D6B14 /* AIFF.pm in Resources */ = {isa = PBXBuildFile; fileRef = C34E885F15E599E9004D6B14 /* AIFF.pm */; };
		C34E891815E599EA004D6B14 /* APE.pm in Resources */ = {isa = PBXBuildFile; fileRef = C34E886015E599E9004D6B14 /* APE.pm */; };
		C34E891915E599EA004D6B14 /* APP12.pm in Resources */ = {isa = PBXBuildFile; fileRef = C34E886115E599E9004D6B14 /* APP12.pm */; };
		C34E891A15E599EA004D6B14 /* ASF.pm in Resources */ = {isa = PBXBuildFile; fileRef = C34E886215E599E9004D6B14 /* ASF.pm */; };
		C34E891B15E599EA004D6B14 /* BigTIFF.pm in Resources */ = {isa = PBXBuildFile; fileRef = C34E886315E599E9004D6B14 /* BigTIFF.pm */; };
		C34E891C15E599EA004D6B14 /* BMP.pm in Resources */ = {isa = PBXBuildFile; fileRef = C34E886415E599E9004D6B14 /* BMP.pm */; };
		C34E891D15E599EA004D6B14 /* BuildTagLookup.pm in Resources */ = {isa = PBXBuildFile; fileRef = C34E886515E599E9004D6B14 /* BuildTagLookup.pm */; };
		C34E891E15E599EA004D6B14 /* BZZ.pm in Resources */ = {isa = PBXBuildFile; fileRef = C34E886615E599E9004D6B14 /* BZZ.pm */; };
		C34E891F15E599EA004D6B14 /* Canon.pm in Resources */ = {isa = PBXBuildFile; fileRef = C34E886715E599E9004D6B14 /* Canon.pm */; };
		C34E892015E599EA004D6B14 /* CanonCustom.pm in Resources */ = {isa = PBXBuildFile; fileRef = C34E886815E599E9004D6B14 /* CanonCustom.pm */; };
		C34E892115E599EA004D6B14 /* CanonRaw.pm in Resources */ = {isa = PBXBuildFile; fileRef = C34E886915E599E9004D6B14 /* CanonRaw.pm */; };
		C34E892215E599EA004D6B14 /* CanonVRD.pm in Resources */ = {isa = PBXBuildFile; fileRef = C34E886A15E599E9004D6B14 /* CanonVRD.pm */; };
		C34E892315E599EA004D6B14 /* CaptureOne.pm in Resources */ = {isa = PBXBuildFile; fileRef = C34E886B15E599E9004D6B14 /* CaptureOne.pm */; };
		C34E892415E599EA004D6B14 /* Casio.pm in Resources */ = {isa = PBXBuildFile; fileRef = C34E886C15E599E9004D6B14 /* Casio.pm */; };
		C34E892515E599EA004D6B14 /* Arabic.pm in Resources */ = {isa = PBXBuildFile; fileRef = C34E886E15E599E9004D6B14 /* Arabic.pm */; };
		C34E892615E599EA004D6B14 /* Baltic.pm in Resources */ = {isa = PBXBuildFile; fileRef = C34E886F15E599E9004D6B14 /* Baltic.pm */; };
		C34E892715E599EA004D6B14 /* Cyrillic.pm in Resources */ = {isa = PBXBuildFile; fileRef = C34E887015E599E9004D6B14 /* Cyrillic.pm */; };
		C34E892815E599EA004D6B14 /* Greek.pm in Resources */ = {isa = PBXBuildFile; fileRef = C34E887115E599E9004D6B14 /* Greek.pm */; };
		C34E892915E599EA004D6B14 /* Hebrew.pm in Resources */ = {isa = PBXBuildFile; fileRef = C34E887215E599E9004D6B14 /* Hebrew.pm */; };
		C34E892A15E599EA004D6B14 /* JIS.pm in Resources */ = {isa = PBXBuildFile; fileRef = C34E887315E599E9004D6B14 /* JIS.pm */; };
		C34E892B15E599EA004D6B14 /* Latin.pm in Resources */ = {isa = PBXBuildFile; fileRef = C34E887415E599E9004D6B14 /* Latin.pm */; };
		C34E892C15E599EA004D6B14 /* Latin2.pm in Resources */ = {isa = PBXBuildFile; fileRef = C34E887515E599E9004D6B14 /* Latin2.pm */; };
		C34E892D15E599EA004D6B14 /* MacArabic.pm in Resources */ = {isa = PBXBuildFile; fileRef = C34E887615E599E9004D6B14 /* MacArabic.pm */; };
		C34E892E15E599EA004D6B14 /* MacChineseCN.pm in Resources */ = {isa = PBXBuildFile; fileRef = C34E887715E599E9004D6B14 /* MacChineseCN.pm */; };
		C34E892F15E599EA004D6B14 /* MacChineseTW.pm in Resources */ = {isa = PBXBuildFile; fileRef = C34E887815E599E9004D6B14 /* MacChineseTW.pm */; };
		C34E893015E599EA004D6B14 /* MacCroatian.pm in Resources */ = {isa = PBXBuildFile; fileRef = C34E887915E599E9004D6B14 /* MacCroatian.pm */; };
		C34E893115E599EA004D6B14 /* MacCyrillic.pm in Resources */ = {isa = PBXBuildFile; fileRef = C34E887A15E599E9004D6B14 /* MacCyrillic.pm */; };
		C34E893215E599EA004D6B14 /* MacGreek.pm in Resources */ = {isa = PBXBuildFile; fileRef = C34E887B15E599E9004D6B14 /* MacGreek.pm */; };
		C34E893315E599EA004D6B14 /* MacHebrew.pm in Resources */ = {isa = PBXBuildFile; fileRef = C34E887C15E599E9004D6B14 /* MacHebrew.pm */; };
		C34E893415E599EA004D6B14 /* MacIceland.pm in Resources */ = {isa = PBXBuildFile; fileRef = C34E887D15E599E9004D6B14 /* MacIceland.pm */; };
		C34E893515E599EA004D6B14 /* MacJapanese.pm in Resources */ = {isa = PBXBuildFile; fileRef = C34E887E15E599E9004D6B14 /* MacJapanese.pm */; };
		C34E893615E599EA004D6B14 /* MacKorean.pm in Resources */ = {isa = PBXBuildFile; fileRef = C34E887F15E599E9004D6B14 /* MacKorean.pm */; };
		C34E893715E599EA004D6B14 /* MacLatin2.pm in Resources */ = {isa = PBXBuildFile; fileRef = C34E888015E599E9004D6B14 /* MacLatin2.pm */; };
		C34E893815E599EA004D6B14 /* MacRoman.pm in Resources */ = {isa = PBXBuildFile; fileRef = C34E888115E599E9004D6B14 /* MacRoman.pm */; };
		C34E893915E599EA004D6B14 /* MacRomanian.pm in Resources */ = {isa = PBXBuildFile; fileRef = C34E888215E599E9004D6B14 /* MacRomanian.pm */; };
		C34E893A15E599EA004D6B14 /* MacRSymbol.pm in Resources */ = {isa = PBXBuildFile; fileRef = C34E888315E599E9004D6B14 /* MacRSymbol.pm */; };
		C34E893B15E599EA004D6B14 /* MacThai.pm in Resources */ = {isa = PBXBuildFile; fileRef = C34E888415E599E9004D6B14 /* MacThai.pm */; };
		C34E893C15E599EA004D6B14 /* MacTurkish.pm in Resources */ = {isa = PBXBuildFile; fileRef = C34E888515E599E9004D6B14 /* MacTurkish.pm */; };
		C34E893D15E599EA004D6B14 /* PDFDoc.pm in Resources */ = {isa = PBXBuildFile; fileRef = C34E888615E599E9004D6B14 /* PDFDoc.pm */; };
		C34E893E15E599EA004D6B14 /* ShiftJIS.pm in Resources */ = {isa = PBXBuildFile; fileRef = C34E888715E599E9004D6B14 /* ShiftJIS.pm */; };
		C34E893F15E599EA004D6B14 /* Symbol.pm in Resources */ = {isa = PBXBuildFile; fileRef = C34E888815E599E9004D6B14 /* Symbol.pm */; };
		C34E894015E599EA004D6B14 /* Thai.pm in Resources */ = {isa = PBXBuildFile; fileRef = C34E888915E599E9004D6B14 /* Thai.pm */; };
		C34E894115E599EA004D6B14 /* Turkish.pm in Resources */ = {isa = PBXBuildFile; fileRef = C34E888A15E599E9004D6B14 /* Turkish.pm */; };
		C34E894215E599EA004D6B14 /* Vietnam.pm in Resources */ = {isa = PBXBuildFile; fileRef = C34E888B15E599E9004D6B14 /* Vietnam.pm */; };
		C34E894315E599EA004D6B14 /* Charset.pm in Resources */ = {isa = PBXBuildFile; fileRef = C34E888C15E599E9004D6B14 /* Charset.pm */; };
		C34E894415E599EA004D6B14 /* DICOM.pm in Resources */ = {isa = PBXBuildFile; fileRef = C34E888D15E599E9004D6B14 /* DICOM.pm */; };
		C34E894515E599EA004D6B14 /* DjVu.pm in Resources */ = {isa = PBXBuildFile; fileRef = C34E888E15E599E9004D6B14 /* DjVu.pm */; };
		C34E894615E599EA004D6B14 /* DNG.pm in Resources */ = {isa = PBXBuildFile; fileRef = C34E888F15E599E9004D6B14 /* DNG.pm */; };
		C34E894715E599EA004D6B14 /* DV.pm in Resources */ = {isa = PBXBuildFile; fileRef = C34E889015E599E9004D6B14 /* DV.pm */; };
		C34E894815E599EA004D6B14 /* EXE.pm in Resources */ = {isa = PBXBuildFile; fileRef = C34E889115E599E9004D6B14 /* EXE.pm */; };
		C34E894915E599EA004D6B14 /* Exif.pm in Resources */ = {isa = PBXBuildFile; fileRef = C34E889215E599E9004D6B14 /* Exif.pm */; };
		C34E894A15E599EA004D6B14 /* Fixup.pm in Resources */ = {isa = PBXBuildFile; fileRef = C34E889315E599E9004D6B14 /* Fixup.pm */; };
		C34E894B15E599EA004D6B14 /* FLAC.pm in Resources */ = {isa = PBXBuildFile; fileRef = C34E889415E599E9004D6B14 /* FLAC.pm */; };
		C34E894C15E599EA004D6B14 /* Flash.pm in Resources */ = {isa = PBXBuildFile; fileRef = C34E889515E599E9004D6B14 /* Flash.pm */; };
		C34E894D15E599EA004D6B14 /* FlashPix.pm in Resources */ = {isa = PBXBuildFile; fileRef = C34E889615E599E9004D6B14 /* FlashPix.pm */; };
		C34E894E15E599EA004D6B14 /* Font.pm in Resources */ = {isa = PBXBuildFile; fileRef = C34E889715E599E9004D6B14 /* Font.pm */; };
		C34E894F15E599EA004D6B14 /* FotoStation.pm in Resources */ = {isa = PBXBuildFile; fileRef = C34E889815E599E9004D6B14 /* FotoStation.pm */; };
		C34E895015E599EA004D6B14 /* FujiFilm.pm in Resources */ = {isa = PBXBuildFile; fileRef = C34E889915E599E9004D6B14 /* FujiFilm.pm */; };
		C34E895115E599EA004D6B14 /* GE.pm in Resources */ = {isa = PBXBuildFile; fileRef = C34E889A15E599E9004D6B14 /* GE.pm */; };
		C34E895215E599EA004D6B14 /* Geotag.pm in Resources */ = {isa = PBXBuildFile; fileRef = C34E889B15E599E9004D6B14 /* Geotag.pm */; };
		C34E895315E599EA004D6B14 /* GeoTiff.pm in Resources */ = {isa = PBXBuildFile; fileRef = C34E889C15E599E9004D6B14 /* GeoTiff.pm */; };
		C34E895415E599EA004D6B14 /* GIF.pm in Resources */ = {isa = PBXBuildFile; fileRef = C34E889D15E599E9004D6B14 /* GIF.pm */; };
		C34E895515E599EA004D6B14 /* GIMP.pm in Resources */ = {isa = PBXBuildFile; fileRef = C34E889E15E599E9004D6B14 /* GIMP.pm */; };
		C34E895615E599EA004D6B14 /* GPS.pm in Resources */ = {isa = PBXBuildFile; fileRef = C34E889F15E599E9004D6B14 /* GPS.pm */; };
		C34E895715E599EA004D6B14 /* H264.pm in Resources */ = {isa = PBXBuildFile; fileRef = C34E88A015E599E9004D6B14 /* H264.pm */; };
		C34E895815E599EA004D6B14 /* HP.pm in Resources */ = {isa = PBXBuildFile; fileRef = C34E88A115E599E9004D6B14 /* HP.pm */; };
		C34E895915E599EA004D6B14 /* HTML.pm in Resources */ = {isa = PBXBuildFile; fileRef = C34E88A215E599E9004D6B14 /* HTML.pm */; };
		C34E895A15E599EA004D6B14 /* HtmlDump.pm in Resources */ = {isa = PBXBuildFile; fileRef = C34E88A315E599E9004D6B14 /* HtmlDump.pm */; };
		C34E895B15E599EA004D6B14 /* ICC_Profile.pm in Resources */ = {isa = PBXBuildFile; fileRef = C34E88A415E599E9004D6B14 /* ICC_Profile.pm */; };
		C34E895C15E599EA004D6B14 /* ID3.pm in Resources */ = {isa = PBXBuildFile; fileRef = C34E88A515E599E9004D6B14 /* ID3.pm */; };
		C34E895D15E599EA004D6B14 /* Import.pm in Resources */ = {isa = PBXBuildFile; fileRef = C34E88A615E599E9004D6B14 /* Import.pm */; };
		C34E895E15E599EA004D6B14 /* InDesign.pm in Resources */ = {isa = PBXBuildFile; fileRef = C34E88A715E599E9004D6B14 /* InDesign.pm */; };
		C34E895F15E599EA004D6B14 /* IPTC.pm in Resources */ = {isa = PBXBuildFile; fileRef = C34E88A815E599E9004D6B14 /* IPTC.pm */; };
		C34E896015E599EA004D6B14 /* ITC.pm in Resources */ = {isa = PBXBuildFile; fileRef = C34E88A915E599E9004D6B14 /* ITC.pm */; };
		C34E896115E599EA004D6B14 /* iWork.pm in Resources */ = {isa = PBXBuildFile; fileRef = C34E88AA15E599E9004D6B14 /* iWork.pm */; };
		C34E896215E599EA004D6B14 /* JPEG.pm in Resources */ = {isa = PBXBuildFile; fileRef = C34E88AB15E599E9004D6B14 /* JPEG.pm */; };
		C34E896315E599EA004D6B14 /* Jpeg2000.pm in Resources */ = {isa = PBXBuildFile; fileRef = C34E88AC15E599E9004D6B14 /* Jpeg2000.pm */; };
		C34E896415E599EA004D6B14 /* JPEGDigest.pm in Resources */ = {isa = PBXBuildFile; fileRef = C34E88AD15E599E9004D6B14 /* JPEGDigest.pm */; };
		C34E896515E599EA004D6B14 /* JVC.pm in Resources */ = {isa = PBXBuildFile; fileRef = C34E88AE15E599E9004D6B14 /* JVC.pm */; };
		C34E896615E599EA004D6B14 /* Kodak.pm in Resources */ = {isa = PBXBuildFile; fileRef = C34E88AF15E599E9004D6B14 /* Kodak.pm */; };
		C34E896715E599EA004D6B14 /* KyoceraRaw.pm in Resources */ = {isa = PBXBuildFile; fileRef = C34E88B015E599E9004D6B14 /* KyoceraRaw.pm */; };
		C34E896815E599EA004D6B14 /* cs.pm in Resources */ = {isa = PBXBuildFile; fileRef = C34E88B215E599E9004D6B14 /* cs.pm */; };
		C34E896915E599EA004D6B14 /* de.pm in Resources */ = {isa = PBXBuildFile; fileRef = C34E88B315E599E9004D6B14 /* de.pm */; };
		C34E896A15E599EA004D6B14 /* en_ca.pm in Resources */ = {isa = PBXBuildFile; fileRef = C34E88B415E599E9004D6B14 /* en_ca.pm */; };
		C34E896B15E599EA004D6B14 /* en_gb.pm in Resources */ = {isa = PBXBuildFile; fileRef = C34E88B515E599E9004D6B14 /* en_gb.pm */; };
		C34E896C15E599EA004D6B14 /* es.pm in Resources */ = {isa = PBXBuildFile; fileRef = C34E88B615E599E9004D6B14 /* es.pm */; };
		C34E896D15E599EA004D6B14 /* fi.pm in Resources */ = {isa = PBXBuildFile; fileRef = C34E88B715E599E9004D6B14 /* fi.pm */; };
		C34E896E15E599EA004D6B14 /* fr.pm in Resources */ = {isa = PBXBuildFile; fileRef = C34E88B815E599E9004D6B14 /* fr.pm */; };
		C34E896F15E599EA004D6B14 /* it.pm in Resources */ = {isa = PBXBuildFile; fileRef = C34E88B915E599E9004D6B14 /* it.pm */; };
		C34E897015E599EA004D6B14 /* ja.pm in Resources */ = {isa = PBXBuildFile; fileRef = C34E88BA15E599E9004D6B14 /* ja.pm */; };
		C34E897115E599EA004D6B14 /* ko.pm in Resources */ = {isa = PBXBuildFile; fileRef = C34E88BB15E599E9004D6B14 /* ko.pm */; };
		C34E897215E599EA004D6B14 /* nl.pm in Resources */ = {isa = PBXBuildFile; fileRef = C34E88BC15E599E9004D6B14 /* nl.pm */; };
		C34E897315E599EA004D6B14 /* pl.pm in Resources */ = {isa = PBXBuildFile; fileRef = C34E88BD15E599E9004D6B14 /* pl.pm */; };
		C34E897415E599EA004D6B14 /* ru.pm in Resources */ = {isa = PBXBuildFile; fileRef = C34E88BE15E599E9004D6B14 /* ru.pm */; };
		C34E897515E599EA004D6B14 /* sv.pm in Resources */ = {isa = PBXBuildFile; fileRef = C34E88BF15E599E9004D6B14 /* sv.pm */; };
		C34E897615E599EA004D6B14 /* tr.pm in Resources */ = {isa = PBXBuildFile; fileRef = C34E88C015E599E9004D6B14 /* tr.pm */; };
		C34E897715E599EA004D6B14 /* zh_cn.pm in Resources */ = {isa = PBXBuildFile; fileRef = C34E88C115E599E9004D6B14 /* zh_cn.pm */; };
		C34E897815E599EA004D6B14 /* zh_tw.pm in Resources */ = {isa = PBXBuildFile; fileRef = C34E88C215E599E9004D6B14 /* zh_tw.pm */; };
		C34E897915E599EA004D6B14 /* Leaf.pm in Resources */ = {isa = PBXBuildFile; fileRef = C34E88C315E599E9004D6B14 /* Leaf.pm */; };
		C34E897A15E599EA004D6B14 /* LNK.pm in Resources */ = {isa = PBXBuildFile; fileRef = C34E88C415E599E9004D6B14 /* LNK.pm */; };
		C34E897B15E599EA004D6B14 /* M2TS.pm in Resources */ = {isa = PBXBuildFile; fileRef = C34E88C515E599E9004D6B14 /* M2TS.pm */; };
		C34E897C15E599EA004D6B14 /* MakerNotes.pm in Resources */ = {isa = PBXBuildFile; fileRef = C34E88C615E599E9004D6B14 /* MakerNotes.pm */; };
		C34E897D15E599EA004D6B14 /* Matroska.pm in Resources */ = {isa = PBXBuildFile; fileRef = C34E88C715E599E9004D6B14 /* Matroska.pm */; };
		C34E897E15E599EA004D6B14 /* Microsoft.pm in Resources */ = {isa = PBXBuildFile; fileRef = C34E88C815E599E9004D6B14 /* Microsoft.pm */; };
		C34E897F15E599EA004D6B14 /* MIE.pm in Resources */ = {isa = PBXBuildFile; fileRef = C34E88C915E599E9004D6B14 /* MIE.pm */; };
		C34E898015E599EA004D6B14 /* MIEUnits.pod in Resources */ = {isa = PBXBuildFile; fileRef = C34E88CA15E599E9004D6B14 /* MIEUnits.pod */; };
		C34E898115E599EA004D6B14 /* MIFF.pm in Resources */ = {isa = PBXBuildFile; fileRef = C34E88CB15E599E9004D6B14 /* MIFF.pm */; };
		C34E898215E599EA004D6B14 /* Minolta.pm in Resources */ = {isa = PBXBuildFile; fileRef = C34E88CC15E599E9004D6B14 /* Minolta.pm */; };
		C34E898315E599EA004D6B14 /* MinoltaRaw.pm in Resources */ = {isa = PBXBuildFile; fileRef = C34E88CD15E599E9004D6B14 /* MinoltaRaw.pm */; };
		C34E898415E599EA004D6B14 /* MNG.pm in Resources */ = {isa = PBXBuildFile; fileRef = C34E88CE15E599E9004D6B14 /* MNG.pm */; };
		C34E898515E599EA004D6B14 /* MPC.pm in Resources */ = {isa = PBXBuildFile; fileRef = C34E88CF15E599E9004D6B14 /* MPC.pm */; };
		C34E898615E599EA004D6B14 /* MPEG.pm in Resources */ = {isa = PBXBuildFile; fileRef = C34E88D015E599E9004D6B14 /* MPEG.pm */; };
		C34E898715E599EA004D6B14 /* MPF.pm in Resources */ = {isa = PBXBuildFile; fileRef = C34E88D115E599E9004D6B14 /* MPF.pm */; };
		C34E898815E599EA004D6B14 /* MWG.pm in Resources */ = {isa = PBXBuildFile; fileRef = C34E88D215E599E9004D6B14 /* MWG.pm */; };
		C34E898915E599EA004D6B14 /* MXF.pm in Resources */ = {isa = PBXBuildFile; fileRef = C34E88D315E599E9004D6B14 /* MXF.pm */; };
		C34E898A15E599EA004D6B14 /* Nikon.pm in Resources */ = {isa = PBXBuildFile; fileRef = C34E88D415E599E9004D6B14 /* Nikon.pm */; };
		C34E898B15E599EA004D6B14 /* NikonCapture.pm in Resources */ = {isa = PBXBuildFile; fileRef = C34E88D515E599E9004D6B14 /* NikonCapture.pm */; };
		C34E898C15E599EA004D6B14 /* NikonCustom.pm in Resources */ = {isa = PBXBuildFile; fileRef = C34E88D615E599E9004D6B14 /* NikonCustom.pm */; };
		C34E898D15E599EA004D6B14 /* Ogg.pm in Resources */ = {isa = PBXBuildFile; fileRef = C34E88D715E599E9004D6B14 /* Ogg.pm */; };
		C34E898E15E599EA004D6B14 /* Olympus.pm in Resources */ = {isa = PBXBuildFile; fileRef = C34E88D815E599E9004D6B14 /* Olympus.pm */; };
		C34E898F15E599EA004D6B14 /* OOXML.pm in Resources */ = {isa = PBXBuildFile; fileRef = C34E88D915E599E9004D6B14 /* OOXML.pm */; };
		C34E899015E599EA004D6B14 /* OpenEXR.pm in Resources */ = {isa = PBXBuildFile; fileRef = C34E88DA15E599E9004D6B14 /* OpenEXR.pm */; };
		C34E899115E599EA004D6B14 /* Panasonic.pm in Resources */ = {isa = PBXBuildFile; fileRef = C34E88DB15E599E9004D6B14 /* Panasonic.pm */; };
		C34E899215E599EA004D6B14 /* PanasonicRaw.pm in Resources */ = {isa = PBXBuildFile; fileRef = C34E88DC15E599E9004D6B14 /* PanasonicRaw.pm */; };
		C34E899315E599EA004D6B14 /* PDF.pm in Resources */ = {isa = PBXBuildFile; fileRef = C34E88DD15E599E9004D6B14 /* PDF.pm */; };
		C34E899415E599EA004D6B14 /* Pentax.pm in Resources */ = {isa = PBXBuildFile; fileRef = C34E88DE15E599E9004D6B14 /* Pentax.pm */; };
		C34E899515E599EA004D6B14 /* PGF.pm in Resources */ = {isa = PBXBuildFile; fileRef = C34E88DF15E599E9004D6B14 /* PGF.pm */; };
		C34E899615E599EA004D6B14 /* PhotoCD.pm in Resources */ = {isa = PBXBuildFile; fileRef = C34E88E015E599E9004D6B14 /* PhotoCD.pm */; };
		C34E899715E599EA004D6B14 /* PhotoMechanic.pm in Resources */ = {isa = PBXBuildFile; fileRef = C34E88E115E599E9004D6B14 /* PhotoMechanic.pm */; };
		C34E899815E599EA004D6B14 /* Photoshop.pm in Resources */ = {isa = PBXBuildFile; fileRef = C34E88E215E599E9004D6B14 /* Photoshop.pm */; };
		C34E899915E599EA004D6B14 /* PICT.pm in Resources */ = {isa = PBXBuildFile; fileRef = C34E88E315E599E9004D6B14 /* PICT.pm */; };
		C34E899A15E599EA004D6B14 /* PNG.pm in Resources */ = {isa = PBXBuildFile; fileRef = C34E88E415E599E9004D6B14 /* PNG.pm */; };
		C34E899B15E599EA004D6B14 /* PostScript.pm in Resources */ = {isa = PBXBuildFile; fileRef = C34E88E515E599E9004D6B14 /* PostScript.pm */; };
		C34E899C15E599EA004D6B14 /* PPM.pm in Resources */ = {isa = PBXBuildFile; fileRef = C34E88E615E599E9004D6B14 /* PPM.pm */; };
		C34E899D15E599EA004D6B14 /* PrintIM.pm in Resources */ = {isa = PBXBuildFile; fileRef = C34E88E715E599E9004D6B14 /* PrintIM.pm */; };
		C34E899E15E599EA004D6B14 /* PSP.pm in Resources */ = {isa = PBXBuildFile; fileRef = C34E88E815E599E9004D6B14 /* PSP.pm */; };
		C34E899F15E599EA004D6B14 /* Qualcomm.pm in Resources */ = {isa = PBXBuildFile; fileRef = C34E88E915E599E9004D6B14 /* Qualcomm.pm */; };
		C34E89A015E599EA004D6B14 /* QuickTime.pm in Resources */ = {isa = PBXBuildFile; fileRef = C34E88EA15E599E9004D6B14 /* QuickTime.pm */; };
		C34E89A115E599EA004D6B14 /* Radiance.pm in Resources */ = {isa = PBXBuildFile; fileRef = C34E88EB15E599E9004D6B14 /* Radiance.pm */; };
		C34E89A215E599EA004D6B14 /* Rawzor.pm in Resources */ = {isa = PBXBuildFile; fileRef = C34E88EC15E599E9004D6B14 /* Rawzor.pm */; };
		C34E89A315E599EA004D6B14 /* README in Resources */ = {isa = PBXBuildFile; fileRef = C34E88ED15E599E9004D6B14 /* README */; };
		C34E89A415E599EA004D6B14 /* Real.pm in Resources */ = {isa = PBXBuildFile; fileRef = C34E88EE15E599E9004D6B14 /* Real.pm */; };
		C34E89A515E599EA004D6B14 /* Reconyx.pm in Resources */ = {isa = PBXBuildFile; fileRef = C34E88EF15E599E9004D6B14 /* Reconyx.pm */; };
		C34E89A615E599EA004D6B14 /* Ricoh.pm in Resources */ = {isa = PBXBuildFile; fileRef = C34E88F015E599E9004D6B14 /* Ricoh.pm */; };
		C34E89A715E599EA004D6B14 /* RIFF.pm in Resources */ = {isa = PBXBuildFile; fileRef = C34E88F115E599E9004D6B14 /* RIFF.pm */; };
		C34E89A815E599EA004D6B14 /* RSRC.pm in Resources */ = {isa = PBXBuildFile; fileRef = C34E88F215E599E9004D6B14 /* RSRC.pm */; };
		C34E89A915E599EA004D6B14 /* RTF.pm in Resources */ = {isa = PBXBuildFile; fileRef = C34E88F315E599E9004D6B14 /* RTF.pm */; };
		C34E89AA15E599EA004D6B14 /* Samsung.pm in Resources */ = {isa = PBXBuildFile; fileRef = C34E88F415E599E9004D6B14 /* Samsung.pm */; };
		C34E89AB15E599EA004D6B14 /* Sanyo.pm in Resources */ = {isa = PBXBuildFile; fileRef = C34E88F515E599E9004D6B14 /* Sanyo.pm */; };
		C34E89AC15E599EA004D6B14 /* Shift.pl in Resources */ = {isa = PBXBuildFile; fileRef = C34E88F615E599E9004D6B14 /* Shift.pl */; };
		C34E89AD15E599EA004D6B14 /* Shortcuts.pm in Resources */ = {isa = PBXBuildFile; fileRef = C34E88F715E599E9004D6B14 /* Shortcuts.pm */; };
		C34E89AE15E599EA004D6B14 /* Sigma.pm in Resources */ = {isa = PBXBuildFile; fileRef = C34E88F815E599E9004D6B14 /* Sigma.pm */; };
		C34E89AF15E599EA004D6B14 /* SigmaRaw.pm in Resources */ = {isa = PBXBuildFile; fileRef = C34E88F915E599E9004D6B14 /* SigmaRaw.pm */; };
		C34E89B015E599EA004D6B14 /* Sony.pm in Resources */ = {isa = PBXBuildFile; fileRef = C34E88FA15E599E9004D6B14 /* Sony.pm */; };
		C34E89B115E599EA004D6B14 /* SonyIDC.pm in Resources */ = {isa = PBXBuildFile; fileRef = C34E88FB15E599E9004D6B14 /* SonyIDC.pm */; };
		C34E89B215E599EA004D6B14 /* Stim.pm in Resources */ = {isa = PBXBuildFile; fileRef = C34E88FC15E599E9004D6B14 /* Stim.pm */; };
		C34E89B315E599EA004D6B14 /* TagInfoXML.pm in Resources */ = {isa = PBXBuildFile; fileRef = C34E88FD15E599E9004D6B14 /* TagInfoXML.pm */; };
		C34E89B415E599EA004D6B14 /* TagLookup.pm in Resources */ = {isa = PBXBuildFile; fileRef = C34E88FE15E599E9004D6B14 /* TagLookup.pm */; };
		C34E89B515E599EA004D6B14 /* TagNames.pod in Resources */ = {isa = PBXBuildFile; fileRef = C34E88FF15E599E9004D6B14 /* TagNames.pod */; };
		C34E89B615E599EA004D6B14 /* Theora.pm in Resources */ = {isa = PBXBuildFile; fileRef = C34E890015E599E9004D6B14 /* Theora.pm */; };
		C34E89B715E599EA004D6B14 /* Unknown.pm in Resources */ = {isa = PBXBuildFile; fileRef = C34E890115E599E9004D6B14 /* Unknown.pm */; };
		C34E89B815E599EA004D6B14 /* Vorbis.pm in Resources */ = {isa = PBXBuildFile; fileRef = C34E890215E599E9004D6B14 /* Vorbis.pm */; };
		C34E89B915E599EA004D6B14 /* WriteCanonRaw.pl in Resources */ = {isa = PBXBuildFile; fileRef = C34E890315E599E9004D6B14 /* WriteCanonRaw.pl */; };
		C34E89BA15E599EA004D6B14 /* WriteExif.pl in Resources */ = {isa = PBXBuildFile; fileRef = C34E890415E599E9004D6B14 /* WriteExif.pl */; };
		C34E89BB15E599EA004D6B14 /* WriteIPTC.pl in Resources */ = {isa = PBXBuildFile; fileRef = C34E890515E599E9004D6B14 /* WriteIPTC.pl */; };
		C34E89BC15E599EA004D6B14 /* WritePDF.pl in Resources */ = {isa = PBXBuildFile; fileRef = C34E890615E599E9004D6B14 /* WritePDF.pl */; };
		C34E89BD15E599EA004D6B14 /* WritePhotoshop.pl in Resources */ = {isa = PBXBuildFile; fileRef = C34E890715E599E9004D6B14 /* WritePhotoshop.pl */; };
		C34E89BE15E599EA004D6B14 /* WritePNG.pl in Resources */ = {isa = PBXBuildFile; fileRef = C34E890815E599E9004D6B14 /* WritePNG.pl */; };
		C34E89BF15E599EA004D6B14 /* WritePostScript.pl in Resources */ = {isa = PBXBuildFile; fileRef = C34E890915E599E9004D6B14 /* WritePostScript.pl */; };
		C34E89C015E599EA004D6B14 /* Writer.pl in Resources */ = {isa = PBXBuildFile; fileRef = C34E890A15E599E9004D6B14 /* Writer.pl */; };
		C34E89C115E599EA004D6B14 /* WriteXMP.pl in Resources */ = {isa = PBXBuildFile; fileRef = C34E890B15E599E9004D6B14 /* WriteXMP.pl */; };
		C34E89C215E599EA004D6B14 /* XMP.pm in Resources */ = {isa = PBXBuildFile; fileRef = C34E890C15E599E9004D6B14 /* XMP.pm */; };
		C34E89C315E599EA004D6B14 /* XMP2.pl in Resources */ = {isa = PBXBuildFile; fileRef = C34E890D15E599E9004D6B14 /* XMP2.pl */; };
		C34E89C415E599EA004D6B14 /* XMPStruct.pl in Resources */ = {isa = PBXBuildFile; fileRef = C34E890E15E599E9004D6B14 /* XMPStruct.pl */; };
		C34E89C515E599EA004D6B14 /* ZIP.pm in Resources */ = {isa = PBXBuildFile; fileRef = C34E890F15E599E9004D6B14 /* ZIP.pm */; };
		C34E89C615E599EA004D6B14 /* ExifTool.pm in Resources */ = {isa = PBXBuildFile; fileRef = C34E891015E599E9004D6B14 /* ExifTool.pm */; };
		C34E89C715E599EA004D6B14 /* ExifTool.pod in Resources */ = {isa = PBXBuildFile; fileRef = C34E891115E599E9004D6B14 /* ExifTool.pod */; };
/* End PBXBuildFile section */

/* Begin PBXContainerItemProxy section */
		C34E883C15E580A0004D6B14 /* PBXContainerItemProxy */ = {
			isa = PBXContainerItemProxy;
			containerPortal = C34E880E15E5809F004D6B14 /* Project object */;
			proxyType = 1;
			remoteGlobalIDString = C34E881615E5809F004D6B14;
			remoteInfo = Smaphotag;
		};
/* End PBXContainerItemProxy section */

/* Begin PBXFileReference section */
		C34E881715E5809F004D6B14 /* Smaphotag.app */ = {isa = PBXFileReference; explicitFileType = wrapper.application; includeInIndex = 0; path = Smaphotag.app; sourceTree = BUILT_PRODUCTS_DIR; };
		C34E881B15E5809F004D6B14 /* Cocoa.framework */ = {isa = PBXFileReference; lastKnownFileType = wrapper.framework; name = Cocoa.framework; path = System/Library/Frameworks/Cocoa.framework; sourceTree = SDKROOT; };
		C34E881E15E5809F004D6B14 /* AppKit.framework */ = {isa = PBXFileReference; lastKnownFileType = wrapper.framework; name = AppKit.framework; path = System/Library/Frameworks/AppKit.framework; sourceTree = SDKROOT; };
		C34E881F15E5809F004D6B14 /* CoreData.framework */ = {isa = PBXFileReference; lastKnownFileType = wrapper.framework; name = CoreData.framework; path = System/Library/Frameworks/CoreData.framework; sourceTree = SDKROOT; };
		C34E882015E5809F004D6B14 /* Foundation.framework */ = {isa = PBXFileReference; lastKnownFileType = wrapper.framework; name = Foundation.framework; path = System/Library/Frameworks/Foundation.framework; sourceTree = SDKROOT; };
		C34E882315E5809F004D6B14 /* Smaphotag-Info.plist */ = {isa = PBXFileReference; lastKnownFileType = text.plist.xml; path = "Smaphotag-Info.plist"; sourceTree = "<group>"; };
		C34E882515E5809F004D6B14 /* en */ = {isa = PBXFileReference; lastKnownFileType = text.plist.strings; name = en; path = en.lproj/InfoPlist.strings; sourceTree = "<group>"; };
		C34E882715E5809F004D6B14 /* main.m */ = {isa = PBXFileReference; lastKnownFileType = sourcecode.c.objc; path = main.m; sourceTree = "<group>"; };
		C34E882915E5809F004D6B14 /* Smaphotag-Prefix.pch */ = {isa = PBXFileReference; lastKnownFileType = sourcecode.c.h; path = "Smaphotag-Prefix.pch"; sourceTree = "<group>"; };
		C34E882B15E5809F004D6B14 /* en */ = {isa = PBXFileReference; lastKnownFileType = text.rtf; name = en; path = en.lproj/Credits.rtf; sourceTree = "<group>"; };
		C34E882D15E5809F004D6B14 /* SPTAppDelegate.h */ = {isa = PBXFileReference; lastKnownFileType = sourcecode.c.h; path = SPTAppDelegate.h; sourceTree = "<group>"; };
		C34E882E15E5809F004D6B14 /* SPTAppDelegate.m */ = {isa = PBXFileReference; lastKnownFileType = sourcecode.c.objc; path = SPTAppDelegate.m; sourceTree = "<group>"; };
		C34E883115E580A0004D6B14 /* en */ = {isa = PBXFileReference; lastKnownFileType = file.xib; name = en; path = en.lproj/MainMenu.xib; sourceTree = "<group>"; };
		C34E883815E580A0004D6B14 /* SmaphotagTests.octest */ = {isa = PBXFileReference; explicitFileType = wrapper.cfbundle; includeInIndex = 0; path = SmaphotagTests.octest; sourceTree = BUILT_PRODUCTS_DIR; };
		C34E883915E580A0004D6B14 /* SenTestingKit.framework */ = {isa = PBXFileReference; lastKnownFileType = wrapper.framework; name = SenTestingKit.framework; path = Library/Frameworks/SenTestingKit.framework; sourceTree = DEVELOPER_DIR; };
		C34E884015E580A0004D6B14 /* SmaphotagTests-Info.plist */ = {isa = PBXFileReference; lastKnownFileType = text.plist.xml; path = "SmaphotagTests-Info.plist"; sourceTree = "<group>"; };
		C34E884215E580A0004D6B14 /* en */ = {isa = PBXFileReference; lastKnownFileType = text.plist.strings; name = en; path = en.lproj/InfoPlist.strings; sourceTree = "<group>"; };
		C34E884415E580A0004D6B14 /* SmaphotagTests.h */ = {isa = PBXFileReference; lastKnownFileType = sourcecode.c.h; path = SmaphotagTests.h; sourceTree = "<group>"; };
		C34E884515E580A0004D6B14 /* SmaphotagTests.m */ = {isa = PBXFileReference; lastKnownFileType = sourcecode.c.objc; path = SmaphotagTests.m; sourceTree = "<group>"; };
		C34E884F15E58452004D6B14 /* SPTPhotoTagger.h */ = {isa = PBXFileReference; fileEncoding = 4; lastKnownFileType = sourcecode.c.h; path = SPTPhotoTagger.h; sourceTree = "<group>"; };
		C34E885015E58452004D6B14 /* SPTPhotoTagger.m */ = {isa = PBXFileReference; fileEncoding = 4; lastKnownFileType = sourcecode.c.objc; path = SPTPhotoTagger.m; sourceTree = "<group>"; };
		C34E885615E599E9004D6B14 /* exiftool */ = {isa = PBXFileReference; fileEncoding = 4; lastKnownFileType = text.script.perl; path = exiftool; sourceTree = "<group>"; };
		C34E885915E599E9004D6B14 /* RandomAccess.pm */ = {isa = PBXFileReference; fileEncoding = 4; lastKnownFileType = text.script.perl; path = RandomAccess.pm; sourceTree = "<group>"; };
		C34E885A15E599E9004D6B14 /* RandomAccess.pod */ = {isa = PBXFileReference; fileEncoding = 4; lastKnownFileType = text; path = RandomAccess.pod; sourceTree = "<group>"; };
		C34E885D15E599E9004D6B14 /* AES.pm */ = {isa = PBXFileReference; fileEncoding = 4; lastKnownFileType = text.script.perl; path = AES.pm; sourceTree = "<group>"; };
		C34E885E15E599E9004D6B14 /* AFCP.pm */ = {isa = PBXFileReference; fileEncoding = 4; lastKnownFileType = text.script.perl; path = AFCP.pm; sourceTree = "<group>"; };
		C34E885F15E599E9004D6B14 /* AIFF.pm */ = {isa = PBXFileReference; fileEncoding = 4; lastKnownFileType = text.script.perl; path = AIFF.pm; sourceTree = "<group>"; };
		C34E886015E599E9004D6B14 /* APE.pm */ = {isa = PBXFileReference; fileEncoding = 4; lastKnownFileType = text.script.perl; path = APE.pm; sourceTree = "<group>"; };
		C34E886115E599E9004D6B14 /* APP12.pm */ = {isa = PBXFileReference; fileEncoding = 4; lastKnownFileType = text.script.perl; path = APP12.pm; sourceTree = "<group>"; };
		C34E886215E599E9004D6B14 /* ASF.pm */ = {isa = PBXFileReference; fileEncoding = 4; lastKnownFileType = text.script.perl; path = ASF.pm; sourceTree = "<group>"; };
		C34E886315E599E9004D6B14 /* BigTIFF.pm */ = {isa = PBXFileReference; fileEncoding = 4; lastKnownFileType = text.script.perl; path = BigTIFF.pm; sourceTree = "<group>"; };
		C34E886415E599E9004D6B14 /* BMP.pm */ = {isa = PBXFileReference; fileEncoding = 4; lastKnownFileType = text.script.perl; path = BMP.pm; sourceTree = "<group>"; };
		C34E886515E599E9004D6B14 /* BuildTagLookup.pm */ = {isa = PBXFileReference; fileEncoding = 4; lastKnownFileType = text.script.perl; path = BuildTagLookup.pm; sourceTree = "<group>"; };
		C34E886615E599E9004D6B14 /* BZZ.pm */ = {isa = PBXFileReference; fileEncoding = 4; lastKnownFileType = text.script.perl; path = BZZ.pm; sourceTree = "<group>"; };
		C34E886715E599E9004D6B14 /* Canon.pm */ = {isa = PBXFileReference; fileEncoding = 4; lastKnownFileType = text.script.perl; path = Canon.pm; sourceTree = "<group>"; };
		C34E886815E599E9004D6B14 /* CanonCustom.pm */ = {isa = PBXFileReference; fileEncoding = 4; lastKnownFileType = text.script.perl; path = CanonCustom.pm; sourceTree = "<group>"; };
		C34E886915E599E9004D6B14 /* CanonRaw.pm */ = {isa = PBXFileReference; fileEncoding = 4; lastKnownFileType = text.script.perl; path = CanonRaw.pm; sourceTree = "<group>"; };
		C34E886A15E599E9004D6B14 /* CanonVRD.pm */ = {isa = PBXFileReference; fileEncoding = 4; lastKnownFileType = text.script.perl; path = CanonVRD.pm; sourceTree = "<group>"; };
		C34E886B15E599E9004D6B14 /* CaptureOne.pm */ = {isa = PBXFileReference; fileEncoding = 4; lastKnownFileType = text.script.perl; path = CaptureOne.pm; sourceTree = "<group>"; };
		C34E886C15E599E9004D6B14 /* Casio.pm */ = {isa = PBXFileReference; fileEncoding = 4; lastKnownFileType = text.script.perl; path = Casio.pm; sourceTree = "<group>"; };
		C34E886E15E599E9004D6B14 /* Arabic.pm */ = {isa = PBXFileReference; fileEncoding = 4; lastKnownFileType = text.script.perl; path = Arabic.pm; sourceTree = "<group>"; };
		C34E886F15E599E9004D6B14 /* Baltic.pm */ = {isa = PBXFileReference; fileEncoding = 4; lastKnownFileType = text.script.perl; path = Baltic.pm; sourceTree = "<group>"; };
		C34E887015E599E9004D6B14 /* Cyrillic.pm */ = {isa = PBXFileReference; fileEncoding = 4; lastKnownFileType = text.script.perl; path = Cyrillic.pm; sourceTree = "<group>"; };
		C34E887115E599E9004D6B14 /* Greek.pm */ = {isa = PBXFileReference; fileEncoding = 4; lastKnownFileType = text.script.perl; path = Greek.pm; sourceTree = "<group>"; };
		C34E887215E599E9004D6B14 /* Hebrew.pm */ = {isa = PBXFileReference; fileEncoding = 4; lastKnownFileType = text.script.perl; path = Hebrew.pm; sourceTree = "<group>"; };
		C34E887315E599E9004D6B14 /* JIS.pm */ = {isa = PBXFileReference; fileEncoding = 4; lastKnownFileType = text.script.perl; path = JIS.pm; sourceTree = "<group>"; };
		C34E887415E599E9004D6B14 /* Latin.pm */ = {isa = PBXFileReference; fileEncoding = 4; lastKnownFileType = text.script.perl; path = Latin.pm; sourceTree = "<group>"; };
		C34E887515E599E9004D6B14 /* Latin2.pm */ = {isa = PBXFileReference; fileEncoding = 4; lastKnownFileType = text.script.perl; path = Latin2.pm; sourceTree = "<group>"; };
		C34E887615E599E9004D6B14 /* MacArabic.pm */ = {isa = PBXFileReference; fileEncoding = 4; lastKnownFileType = text.script.perl; path = MacArabic.pm; sourceTree = "<group>"; };
		C34E887715E599E9004D6B14 /* MacChineseCN.pm */ = {isa = PBXFileReference; fileEncoding = 4; lastKnownFileType = text.script.perl; path = MacChineseCN.pm; sourceTree = "<group>"; };
		C34E887815E599E9004D6B14 /* MacChineseTW.pm */ = {isa = PBXFileReference; fileEncoding = 4; lastKnownFileType = text.script.perl; path = MacChineseTW.pm; sourceTree = "<group>"; };
		C34E887915E599E9004D6B14 /* MacCroatian.pm */ = {isa = PBXFileReference; fileEncoding = 4; lastKnownFileType = text.script.perl; path = MacCroatian.pm; sourceTree = "<group>"; };
		C34E887A15E599E9004D6B14 /* MacCyrillic.pm */ = {isa = PBXFileReference; fileEncoding = 4; lastKnownFileType = text.script.perl; path = MacCyrillic.pm; sourceTree = "<group>"; };
		C34E887B15E599E9004D6B14 /* MacGreek.pm */ = {isa = PBXFileReference; fileEncoding = 4; lastKnownFileType = text.script.perl; path = MacGreek.pm; sourceTree = "<group>"; };
		C34E887C15E599E9004D6B14 /* MacHebrew.pm */ = {isa = PBXFileReference; fileEncoding = 4; lastKnownFileType = text.script.perl; path = MacHebrew.pm; sourceTree = "<group>"; };
		C34E887D15E599E9004D6B14 /* MacIceland.pm */ = {isa = PBXFileReference; fileEncoding = 4; lastKnownFileType = text.script.perl; path = MacIceland.pm; sourceTree = "<group>"; };
		C34E887E15E599E9004D6B14 /* MacJapanese.pm */ = {isa = PBXFileReference; fileEncoding = 4; lastKnownFileType = text.script.perl; path = MacJapanese.pm; sourceTree = "<group>"; };
		C34E887F15E599E9004D6B14 /* MacKorean.pm */ = {isa = PBXFileReference; fileEncoding = 4; lastKnownFileType = text.script.perl; path = MacKorean.pm; sourceTree = "<group>"; };
		C34E888015E599E9004D6B14 /* MacLatin2.pm */ = {isa = PBXFileReference; fileEncoding = 4; lastKnownFileType = text.script.perl; path = MacLatin2.pm; sourceTree = "<group>"; };
		C34E888115E599E9004D6B14 /* MacRoman.pm */ = {isa = PBXFileReference; fileEncoding = 4; lastKnownFileType = text.script.perl; path = MacRoman.pm; sourceTree = "<group>"; };
		C34E888215E599E9004D6B14 /* MacRomanian.pm */ = {isa = PBXFileReference; fileEncoding = 4; lastKnownFileType = text.script.perl; path = MacRomanian.pm; sourceTree = "<group>"; };
		C34E888315E599E9004D6B14 /* MacRSymbol.pm */ = {isa = PBXFileReference; fileEncoding = 4; lastKnownFileType = text.script.perl; path = MacRSymbol.pm; sourceTree = "<group>"; };
		C34E888415E599E9004D6B14 /* MacThai.pm */ = {isa = PBXFileReference; fileEncoding = 4; lastKnownFileType = text.script.perl; path = MacThai.pm; sourceTree = "<group>"; };
		C34E888515E599E9004D6B14 /* MacTurkish.pm */ = {isa = PBXFileReference; fileEncoding = 4; lastKnownFileType = text.script.perl; path = MacTurkish.pm; sourceTree = "<group>"; };
		C34E888615E599E9004D6B14 /* PDFDoc.pm */ = {isa = PBXFileReference; fileEncoding = 4; lastKnownFileType = text.script.perl; path = PDFDoc.pm; sourceTree = "<group>"; };
		C34E888715E599E9004D6B14 /* ShiftJIS.pm */ = {isa = PBXFileReference; fileEncoding = 4; lastKnownFileType = text.script.perl; path = ShiftJIS.pm; sourceTree = "<group>"; };
		C34E888815E599E9004D6B14 /* Symbol.pm */ = {isa = PBXFileReference; fileEncoding = 4; lastKnownFileType = text.script.perl; path = Symbol.pm; sourceTree = "<group>"; };
		C34E888915E599E9004D6B14 /* Thai.pm */ = {isa = PBXFileReference; fileEncoding = 4; lastKnownFileType = text.script.perl; path = Thai.pm; sourceTree = "<group>"; };
		C34E888A15E599E9004D6B14 /* Turkish.pm */ = {isa = PBXFileReference; fileEncoding = 4; lastKnownFileType = text.script.perl; path = Turkish.pm; sourceTree = "<group>"; };
		C34E888B15E599E9004D6B14 /* Vietnam.pm */ = {isa = PBXFileReference; fileEncoding = 4; lastKnownFileType = text.script.perl; path = Vietnam.pm; sourceTree = "<group>"; };
		C34E888C15E599E9004D6B14 /* Charset.pm */ = {isa = PBXFileReference; fileEncoding = 4; lastKnownFileType = text.script.perl; path = Charset.pm; sourceTree = "<group>"; };
		C34E888D15E599E9004D6B14 /* DICOM.pm */ = {isa = PBXFileReference; fileEncoding = 4; lastKnownFileType = text.script.perl; path = DICOM.pm; sourceTree = "<group>"; };
		C34E888E15E599E9004D6B14 /* DjVu.pm */ = {isa = PBXFileReference; fileEncoding = 4; lastKnownFileType = text.script.perl; path = DjVu.pm; sourceTree = "<group>"; };
		C34E888F15E599E9004D6B14 /* DNG.pm */ = {isa = PBXFileReference; fileEncoding = 4; lastKnownFileType = text.script.perl; path = DNG.pm; sourceTree = "<group>"; };
		C34E889015E599E9004D6B14 /* DV.pm */ = {isa = PBXFileReference; fileEncoding = 4; lastKnownFileType = text.script.perl; path = DV.pm; sourceTree = "<group>"; };
		C34E889115E599E9004D6B14 /* EXE.pm */ = {isa = PBXFileReference; fileEncoding = 4; lastKnownFileType = text.script.perl; path = EXE.pm; sourceTree = "<group>"; };
		C34E889215E599E9004D6B14 /* Exif.pm */ = {isa = PBXFileReference; fileEncoding = 4; lastKnownFileType = text.script.perl; path = Exif.pm; sourceTree = "<group>"; };
		C34E889315E599E9004D6B14 /* Fixup.pm */ = {isa = PBXFileReference; fileEncoding = 4; lastKnownFileType = text.script.perl; path = Fixup.pm; sourceTree = "<group>"; };
		C34E889415E599E9004D6B14 /* FLAC.pm */ = {isa = PBXFileReference; fileEncoding = 4; lastKnownFileType = text.script.perl; path = FLAC.pm; sourceTree = "<group>"; };
		C34E889515E599E9004D6B14 /* Flash.pm */ = {isa = PBXFileReference; fileEncoding = 4; lastKnownFileType = text.script.perl; path = Flash.pm; sourceTree = "<group>"; };
		C34E889615E599E9004D6B14 /* FlashPix.pm */ = {isa = PBXFileReference; fileEncoding = 4; lastKnownFileType = text.script.perl; path = FlashPix.pm; sourceTree = "<group>"; };
		C34E889715E599E9004D6B14 /* Font.pm */ = {isa = PBXFileReference; fileEncoding = 4; lastKnownFileType = text.script.perl; path = Font.pm; sourceTree = "<group>"; };
		C34E889815E599E9004D6B14 /* FotoStation.pm */ = {isa = PBXFileReference; fileEncoding = 4; lastKnownFileType = text.script.perl; path = FotoStation.pm; sourceTree = "<group>"; };
		C34E889915E599E9004D6B14 /* FujiFilm.pm */ = {isa = PBXFileReference; fileEncoding = 4; lastKnownFileType = text.script.perl; path = FujiFilm.pm; sourceTree = "<group>"; };
		C34E889A15E599E9004D6B14 /* GE.pm */ = {isa = PBXFileReference; fileEncoding = 4; lastKnownFileType = text.script.perl; path = GE.pm; sourceTree = "<group>"; };
		C34E889B15E599E9004D6B14 /* Geotag.pm */ = {isa = PBXFileReference; fileEncoding = 4; lastKnownFileType = text.script.perl; path = Geotag.pm; sourceTree = "<group>"; };
		C34E889C15E599E9004D6B14 /* GeoTiff.pm */ = {isa = PBXFileReference; fileEncoding = 4; lastKnownFileType = text.script.perl; path = GeoTiff.pm; sourceTree = "<group>"; };
		C34E889D15E599E9004D6B14 /* GIF.pm */ = {isa = PBXFileReference; fileEncoding = 4; lastKnownFileType = text.script.perl; path = GIF.pm; sourceTree = "<group>"; };
		C34E889E15E599E9004D6B14 /* GIMP.pm */ = {isa = PBXFileReference; fileEncoding = 4; lastKnownFileType = text.script.perl; path = GIMP.pm; sourceTree = "<group>"; };
		C34E889F15E599E9004D6B14 /* GPS.pm */ = {isa = PBXFileReference; fileEncoding = 4; lastKnownFileType = text.script.perl; path = GPS.pm; sourceTree = "<group>"; };
		C34E88A015E599E9004D6B14 /* H264.pm */ = {isa = PBXFileReference; fileEncoding = 4; lastKnownFileType = text.script.perl; path = H264.pm; sourceTree = "<group>"; };
		C34E88A115E599E9004D6B14 /* HP.pm */ = {isa = PBXFileReference; fileEncoding = 4; lastKnownFileType = text.script.perl; path = HP.pm; sourceTree = "<group>"; };
		C34E88A215E599E9004D6B14 /* HTML.pm */ = {isa = PBXFileReference; fileEncoding = 4; lastKnownFileType = text.script.perl; path = HTML.pm; sourceTree = "<group>"; };
		C34E88A315E599E9004D6B14 /* HtmlDump.pm */ = {isa = PBXFileReference; fileEncoding = 4; lastKnownFileType = text.script.perl; path = HtmlDump.pm; sourceTree = "<group>"; };
		C34E88A415E599E9004D6B14 /* ICC_Profile.pm */ = {isa = PBXFileReference; fileEncoding = 4; lastKnownFileType = text.script.perl; path = ICC_Profile.pm; sourceTree = "<group>"; };
		C34E88A515E599E9004D6B14 /* ID3.pm */ = {isa = PBXFileReference; fileEncoding = 4; lastKnownFileType = text.script.perl; path = ID3.pm; sourceTree = "<group>"; };
		C34E88A615E599E9004D6B14 /* Import.pm */ = {isa = PBXFileReference; fileEncoding = 4; lastKnownFileType = text.script.perl; path = Import.pm; sourceTree = "<group>"; };
		C34E88A715E599E9004D6B14 /* InDesign.pm */ = {isa = PBXFileReference; fileEncoding = 4; lastKnownFileType = text.script.perl; path = InDesign.pm; sourceTree = "<group>"; };
		C34E88A815E599E9004D6B14 /* IPTC.pm */ = {isa = PBXFileReference; fileEncoding = 4; lastKnownFileType = text.script.perl; path = IPTC.pm; sourceTree = "<group>"; };
		C34E88A915E599E9004D6B14 /* ITC.pm */ = {isa = PBXFileReference; fileEncoding = 4; lastKnownFileType = text.script.perl; path = ITC.pm; sourceTree = "<group>"; };
		C34E88AA15E599E9004D6B14 /* iWork.pm */ = {isa = PBXFileReference; fileEncoding = 4; lastKnownFileType = text.script.perl; path = iWork.pm; sourceTree = "<group>"; };
		C34E88AB15E599E9004D6B14 /* JPEG.pm */ = {isa = PBXFileReference; fileEncoding = 4; lastKnownFileType = text.script.perl; path = JPEG.pm; sourceTree = "<group>"; };
		C34E88AC15E599E9004D6B14 /* Jpeg2000.pm */ = {isa = PBXFileReference; fileEncoding = 4; lastKnownFileType = text.script.perl; path = Jpeg2000.pm; sourceTree = "<group>"; };
		C34E88AD15E599E9004D6B14 /* JPEGDigest.pm */ = {isa = PBXFileReference; fileEncoding = 4; lastKnownFileType = text.script.perl; path = JPEGDigest.pm; sourceTree = "<group>"; };
		C34E88AE15E599E9004D6B14 /* JVC.pm */ = {isa = PBXFileReference; fileEncoding = 4; lastKnownFileType = text.script.perl; path = JVC.pm; sourceTree = "<group>"; };
		C34E88AF15E599E9004D6B14 /* Kodak.pm */ = {isa = PBXFileReference; fileEncoding = 4; lastKnownFileType = text.script.perl; path = Kodak.pm; sourceTree = "<group>"; };
		C34E88B015E599E9004D6B14 /* KyoceraRaw.pm */ = {isa = PBXFileReference; fileEncoding = 4; lastKnownFileType = text.script.perl; path = KyoceraRaw.pm; sourceTree = "<group>"; };
		C34E88B215E599E9004D6B14 /* cs.pm */ = {isa = PBXFileReference; fileEncoding = 4; lastKnownFileType = text.script.perl; path = cs.pm; sourceTree = "<group>"; };
		C34E88B315E599E9004D6B14 /* de.pm */ = {isa = PBXFileReference; fileEncoding = 4; lastKnownFileType = text.script.perl; path = de.pm; sourceTree = "<group>"; };
		C34E88B415E599E9004D6B14 /* en_ca.pm */ = {isa = PBXFileReference; fileEncoding = 4; lastKnownFileType = text.script.perl; path = en_ca.pm; sourceTree = "<group>"; };
		C34E88B515E599E9004D6B14 /* en_gb.pm */ = {isa = PBXFileReference; fileEncoding = 4; lastKnownFileType = text.script.perl; path = en_gb.pm; sourceTree = "<group>"; };
		C34E88B615E599E9004D6B14 /* es.pm */ = {isa = PBXFileReference; fileEncoding = 4; lastKnownFileType = text.script.perl; path = es.pm; sourceTree = "<group>"; };
		C34E88B715E599E9004D6B14 /* fi.pm */ = {isa = PBXFileReference; fileEncoding = 4; lastKnownFileType = text.script.perl; path = fi.pm; sourceTree = "<group>"; };
		C34E88B815E599E9004D6B14 /* fr.pm */ = {isa = PBXFileReference; fileEncoding = 4; lastKnownFileType = text.script.perl; path = fr.pm; sourceTree = "<group>"; };
		C34E88B915E599E9004D6B14 /* it.pm */ = {isa = PBXFileReference; fileEncoding = 4; lastKnownFileType = text.script.perl; path = it.pm; sourceTree = "<group>"; };
		C34E88BA15E599E9004D6B14 /* ja.pm */ = {isa = PBXFileReference; fileEncoding = 4; lastKnownFileType = text.script.perl; path = ja.pm; sourceTree = "<group>"; };
		C34E88BB15E599E9004D6B14 /* ko.pm */ = {isa = PBXFileReference; fileEncoding = 4; lastKnownFileType = text.script.perl; path = ko.pm; sourceTree = "<group>"; };
		C34E88BC15E599E9004D6B14 /* nl.pm */ = {isa = PBXFileReference; fileEncoding = 4; lastKnownFileType = text.script.perl; path = nl.pm; sourceTree = "<group>"; };
		C34E88BD15E599E9004D6B14 /* pl.pm */ = {isa = PBXFileReference; fileEncoding = 4; lastKnownFileType = text.script.perl; path = pl.pm; sourceTree = "<group>"; };
		C34E88BE15E599E9004D6B14 /* ru.pm */ = {isa = PBXFileReference; fileEncoding = 4; lastKnownFileType = text.script.perl; path = ru.pm; sourceTree = "<group>"; };
		C34E88BF15E599E9004D6B14 /* sv.pm */ = {isa = PBXFileReference; fileEncoding = 4; lastKnownFileType = text.script.perl; path = sv.pm; sourceTree = "<group>"; };
		C34E88C015E599E9004D6B14 /* tr.pm */ = {isa = PBXFileReference; fileEncoding = 4; lastKnownFileType = text.script.perl; path = tr.pm; sourceTree = "<group>"; };
		C34E88C115E599E9004D6B14 /* zh_cn.pm */ = {isa = PBXFileReference; fileEncoding = 4; lastKnownFileType = text.script.perl; path = zh_cn.pm; sourceTree = "<group>"; };
		C34E88C215E599E9004D6B14 /* zh_tw.pm */ = {isa = PBXFileReference; fileEncoding = 4; lastKnownFileType = text.script.perl; path = zh_tw.pm; sourceTree = "<group>"; };
		C34E88C315E599E9004D6B14 /* Leaf.pm */ = {isa = PBXFileReference; fileEncoding = 4; lastKnownFileType = text.script.perl; path = Leaf.pm; sourceTree = "<group>"; };
		C34E88C415E599E9004D6B14 /* LNK.pm */ = {isa = PBXFileReference; fileEncoding = 4; lastKnownFileType = text.script.perl; path = LNK.pm; sourceTree = "<group>"; };
		C34E88C515E599E9004D6B14 /* M2TS.pm */ = {isa = PBXFileReference; fileEncoding = 4; lastKnownFileType = text.script.perl; path = M2TS.pm; sourceTree = "<group>"; };
		C34E88C615E599E9004D6B14 /* MakerNotes.pm */ = {isa = PBXFileReference; fileEncoding = 4; lastKnownFileType = text.script.perl; path = MakerNotes.pm; sourceTree = "<group>"; };
		C34E88C715E599E9004D6B14 /* Matroska.pm */ = {isa = PBXFileReference; fileEncoding = 4; lastKnownFileType = text.script.perl; path = Matroska.pm; sourceTree = "<group>"; };
		C34E88C815E599E9004D6B14 /* Microsoft.pm */ = {isa = PBXFileReference; fileEncoding = 4; lastKnownFileType = text.script.perl; path = Microsoft.pm; sourceTree = "<group>"; };
		C34E88C915E599E9004D6B14 /* MIE.pm */ = {isa = PBXFileReference; fileEncoding = 4; lastKnownFileType = text.script.perl; path = MIE.pm; sourceTree = "<group>"; };
		C34E88CA15E599E9004D6B14 /* MIEUnits.pod */ = {isa = PBXFileReference; fileEncoding = 4; lastKnownFileType = text; path = MIEUnits.pod; sourceTree = "<group>"; };
		C34E88CB15E599E9004D6B14 /* MIFF.pm */ = {isa = PBXFileReference; fileEncoding = 4; lastKnownFileType = text.script.perl; path = MIFF.pm; sourceTree = "<group>"; };
		C34E88CC15E599E9004D6B14 /* Minolta.pm */ = {isa = PBXFileReference; fileEncoding = 4; lastKnownFileType = text.script.perl; path = Minolta.pm; sourceTree = "<group>"; };
		C34E88CD15E599E9004D6B14 /* MinoltaRaw.pm */ = {isa = PBXFileReference; fileEncoding = 4; lastKnownFileType = text.script.perl; path = MinoltaRaw.pm; sourceTree = "<group>"; };
		C34E88CE15E599E9004D6B14 /* MNG.pm */ = {isa = PBXFileReference; fileEncoding = 4; lastKnownFileType = text.script.perl; path = MNG.pm; sourceTree = "<group>"; };
		C34E88CF15E599E9004D6B14 /* MPC.pm */ = {isa = PBXFileReference; fileEncoding = 4; lastKnownFileType = text.script.perl; path = MPC.pm; sourceTree = "<group>"; };
		C34E88D015E599E9004D6B14 /* MPEG.pm */ = {isa = PBXFileReference; fileEncoding = 4; lastKnownFileType = text.script.perl; path = MPEG.pm; sourceTree = "<group>"; };
		C34E88D115E599E9004D6B14 /* MPF.pm */ = {isa = PBXFileReference; fileEncoding = 4; lastKnownFileType = text.script.perl; path = MPF.pm; sourceTree = "<group>"; };
		C34E88D215E599E9004D6B14 /* MWG.pm */ = {isa = PBXFileReference; fileEncoding = 4; lastKnownFileType = text.script.perl; path = MWG.pm; sourceTree = "<group>"; };
		C34E88D315E599E9004D6B14 /* MXF.pm */ = {isa = PBXFileReference; fileEncoding = 4; lastKnownFileType = text.script.perl; path = MXF.pm; sourceTree = "<group>"; };
		C34E88D415E599E9004D6B14 /* Nikon.pm */ = {isa = PBXFileReference; fileEncoding = 4; lastKnownFileType = text.script.perl; path = Nikon.pm; sourceTree = "<group>"; };
		C34E88D515E599E9004D6B14 /* NikonCapture.pm */ = {isa = PBXFileReference; fileEncoding = 4; lastKnownFileType = text.script.perl; path = NikonCapture.pm; sourceTree = "<group>"; };
		C34E88D615E599E9004D6B14 /* NikonCustom.pm */ = {isa = PBXFileReference; fileEncoding = 4; lastKnownFileType = text.script.perl; path = NikonCustom.pm; sourceTree = "<group>"; };
		C34E88D715E599E9004D6B14 /* Ogg.pm */ = {isa = PBXFileReference; fileEncoding = 4; lastKnownFileType = text.script.perl; path = Ogg.pm; sourceTree = "<group>"; };
		C34E88D815E599E9004D6B14 /* Olympus.pm */ = {isa = PBXFileReference; fileEncoding = 4; lastKnownFileType = text.script.perl; path = Olympus.pm; sourceTree = "<group>"; };
		C34E88D915E599E9004D6B14 /* OOXML.pm */ = {isa = PBXFileReference; fileEncoding = 4; lastKnownFileType = text.script.perl; path = OOXML.pm; sourceTree = "<group>"; };
		C34E88DA15E599E9004D6B14 /* OpenEXR.pm */ = {isa = PBXFileReference; fileEncoding = 4; lastKnownFileType = text.script.perl; path = OpenEXR.pm; sourceTree = "<group>"; };
		C34E88DB15E599E9004D6B14 /* Panasonic.pm */ = {isa = PBXFileReference; fileEncoding = 4; lastKnownFileType = text.script.perl; path = Panasonic.pm; sourceTree = "<group>"; };
		C34E88DC15E599E9004D6B14 /* PanasonicRaw.pm */ = {isa = PBXFileReference; fileEncoding = 4; lastKnownFileType = text.script.perl; path = PanasonicRaw.pm; sourceTree = "<group>"; };
		C34E88DD15E599E9004D6B14 /* PDF.pm */ = {isa = PBXFileReference; fileEncoding = 4; lastKnownFileType = text.script.perl; path = PDF.pm; sourceTree = "<group>"; };
		C34E88DE15E599E9004D6B14 /* Pentax.pm */ = {isa = PBXFileReference; fileEncoding = 4; lastKnownFileType = text.script.perl; path = Pentax.pm; sourceTree = "<group>"; };
		C34E88DF15E599E9004D6B14 /* PGF.pm */ = {isa = PBXFileReference; fileEncoding = 4; lastKnownFileType = text.script.perl; path = PGF.pm; sourceTree = "<group>"; };
		C34E88E015E599E9004D6B14 /* PhotoCD.pm */ = {isa = PBXFileReference; fileEncoding = 4; lastKnownFileType = text.script.perl; path = PhotoCD.pm; sourceTree = "<group>"; };
		C34E88E115E599E9004D6B14 /* PhotoMechanic.pm */ = {isa = PBXFileReference; fileEncoding = 4; lastKnownFileType = text.script.perl; path = PhotoMechanic.pm; sourceTree = "<group>"; };
		C34E88E215E599E9004D6B14 /* Photoshop.pm */ = {isa = PBXFileReference; fileEncoding = 4; lastKnownFileType = text.script.perl; path = Photoshop.pm; sourceTree = "<group>"; };
		C34E88E315E599E9004D6B14 /* PICT.pm */ = {isa = PBXFileReference; fileEncoding = 4; lastKnownFileType = text.script.perl; path = PICT.pm; sourceTree = "<group>"; };
		C34E88E415E599E9004D6B14 /* PNG.pm */ = {isa = PBXFileReference; fileEncoding = 4; lastKnownFileType = text.script.perl; path = PNG.pm; sourceTree = "<group>"; };
		C34E88E515E599E9004D6B14 /* PostScript.pm */ = {isa = PBXFileReference; fileEncoding = 4; lastKnownFileType = text.script.perl; path = PostScript.pm; sourceTree = "<group>"; };
		C34E88E615E599E9004D6B14 /* PPM.pm */ = {isa = PBXFileReference; fileEncoding = 4; lastKnownFileType = text.script.perl; path = PPM.pm; sourceTree = "<group>"; };
		C34E88E715E599E9004D6B14 /* PrintIM.pm */ = {isa = PBXFileReference; fileEncoding = 4; lastKnownFileType = text.script.perl; path = PrintIM.pm; sourceTree = "<group>"; };
		C34E88E815E599E9004D6B14 /* PSP.pm */ = {isa = PBXFileReference; fileEncoding = 4; lastKnownFileType = text.script.perl; path = PSP.pm; sourceTree = "<group>"; };
		C34E88E915E599E9004D6B14 /* Qualcomm.pm */ = {isa = PBXFileReference; fileEncoding = 4; lastKnownFileType = text.script.perl; path = Qualcomm.pm; sourceTree = "<group>"; };
		C34E88EA15E599E9004D6B14 /* QuickTime.pm */ = {isa = PBXFileReference; fileEncoding = 4; lastKnownFileType = text.script.perl; path = QuickTime.pm; sourceTree = "<group>"; };
		C34E88EB15E599E9004D6B14 /* Radiance.pm */ = {isa = PBXFileReference; fileEncoding = 4; lastKnownFileType = text.script.perl; path = Radiance.pm; sourceTree = "<group>"; };
		C34E88EC15E599E9004D6B14 /* Rawzor.pm */ = {isa = PBXFileReference; fileEncoding = 4; lastKnownFileType = text.script.perl; path = Rawzor.pm; sourceTree = "<group>"; };
		C34E88ED15E599E9004D6B14 /* README */ = {isa = PBXFileReference; fileEncoding = 4; lastKnownFileType = text; path = README; sourceTree = "<group>"; };
		C34E88EE15E599E9004D6B14 /* Real.pm */ = {isa = PBXFileReference; fileEncoding = 4; lastKnownFileType = text.script.perl; path = Real.pm; sourceTree = "<group>"; };
		C34E88EF15E599E9004D6B14 /* Reconyx.pm */ = {isa = PBXFileReference; fileEncoding = 4; lastKnownFileType = text.script.perl; path = Reconyx.pm; sourceTree = "<group>"; };
		C34E88F015E599E9004D6B14 /* Ricoh.pm */ = {isa = PBXFileReference; fileEncoding = 4; lastKnownFileType = text.script.perl; path = Ricoh.pm; sourceTree = "<group>"; };
		C34E88F115E599E9004D6B14 /* RIFF.pm */ = {isa = PBXFileReference; fileEncoding = 4; lastKnownFileType = text.script.perl; path = RIFF.pm; sourceTree = "<group>"; };
		C34E88F215E599E9004D6B14 /* RSRC.pm */ = {isa = PBXFileReference; fileEncoding = 4; lastKnownFileType = text.script.perl; path = RSRC.pm; sourceTree = "<group>"; };
		C34E88F315E599E9004D6B14 /* RTF.pm */ = {isa = PBXFileReference; fileEncoding = 4; lastKnownFileType = text.script.perl; path = RTF.pm; sourceTree = "<group>"; };
		C34E88F415E599E9004D6B14 /* Samsung.pm */ = {isa = PBXFileReference; fileEncoding = 4; lastKnownFileType = text.script.perl; path = Samsung.pm; sourceTree = "<group>"; };
		C34E88F515E599E9004D6B14 /* Sanyo.pm */ = {isa = PBXFileReference; fileEncoding = 4; lastKnownFileType = text.script.perl; path = Sanyo.pm; sourceTree = "<group>"; };
		C34E88F615E599E9004D6B14 /* Shift.pl */ = {isa = PBXFileReference; fileEncoding = 4; lastKnownFileType = text.script.perl; path = Shift.pl; sourceTree = "<group>"; };
		C34E88F715E599E9004D6B14 /* Shortcuts.pm */ = {isa = PBXFileReference; fileEncoding = 4; lastKnownFileType = text.script.perl; path = Shortcuts.pm; sourceTree = "<group>"; };
		C34E88F815E599E9004D6B14 /* Sigma.pm */ = {isa = PBXFileReference; fileEncoding = 4; lastKnownFileType = text.script.perl; path = Sigma.pm; sourceTree = "<group>"; };
		C34E88F915E599E9004D6B14 /* SigmaRaw.pm */ = {isa = PBXFileReference; fileEncoding = 4; lastKnownFileType = text.script.perl; path = SigmaRaw.pm; sourceTree = "<group>"; };
		C34E88FA15E599E9004D6B14 /* Sony.pm */ = {isa = PBXFileReference; fileEncoding = 4; lastKnownFileType = text.script.perl; path = Sony.pm; sourceTree = "<group>"; };
		C34E88FB15E599E9004D6B14 /* SonyIDC.pm */ = {isa = PBXFileReference; fileEncoding = 4; lastKnownFileType = text.script.perl; path = SonyIDC.pm; sourceTree = "<group>"; };
		C34E88FC15E599E9004D6B14 /* Stim.pm */ = {isa = PBXFileReference; fileEncoding = 4; lastKnownFileType = text.script.perl; path = Stim.pm; sourceTree = "<group>"; };
		C34E88FD15E599E9004D6B14 /* TagInfoXML.pm */ = {isa = PBXFileReference; fileEncoding = 4; lastKnownFileType = text.script.perl; path = TagInfoXML.pm; sourceTree = "<group>"; };
		C34E88FE15E599E9004D6B14 /* TagLookup.pm */ = {isa = PBXFileReference; fileEncoding = 4; lastKnownFileType = text.script.perl; path = TagLookup.pm; sourceTree = "<group>"; };
		C34E88FF15E599E9004D6B14 /* TagNames.pod */ = {isa = PBXFileReference; fileEncoding = 4; lastKnownFileType = text; path = TagNames.pod; sourceTree = "<group>"; };
		C34E890015E599E9004D6B14 /* Theora.pm */ = {isa = PBXFileReference; fileEncoding = 4; lastKnownFileType = text.script.perl; path = Theora.pm; sourceTree = "<group>"; };
		C34E890115E599E9004D6B14 /* Unknown.pm */ = {isa = PBXFileReference; fileEncoding = 4; lastKnownFileType = text.script.perl; path = Unknown.pm; sourceTree = "<group>"; };
		C34E890215E599E9004D6B14 /* Vorbis.pm */ = {isa = PBXFileReference; fileEncoding = 4; lastKnownFileType = text.script.perl; path = Vorbis.pm; sourceTree = "<group>"; };
		C34E890315E599E9004D6B14 /* WriteCanonRaw.pl */ = {isa = PBXFileReference; fileEncoding = 4; lastKnownFileType = text.script.perl; path = WriteCanonRaw.pl; sourceTree = "<group>"; };
		C34E890415E599E9004D6B14 /* WriteExif.pl */ = {isa = PBXFileReference; fileEncoding = 4; lastKnownFileType = text.script.perl; path = WriteExif.pl; sourceTree = "<group>"; };
		C34E890515E599E9004D6B14 /* WriteIPTC.pl */ = {isa = PBXFileReference; fileEncoding = 4; lastKnownFileType = text.script.perl; path = WriteIPTC.pl; sourceTree = "<group>"; };
		C34E890615E599E9004D6B14 /* WritePDF.pl */ = {isa = PBXFileReference; fileEncoding = 4; lastKnownFileType = text.script.perl; path = WritePDF.pl; sourceTree = "<group>"; };
		C34E890715E599E9004D6B14 /* WritePhotoshop.pl */ = {isa = PBXFileReference; fileEncoding = 4; lastKnownFileType = text.script.perl; path = WritePhotoshop.pl; sourceTree = "<group>"; };
		C34E890815E599E9004D6B14 /* WritePNG.pl */ = {isa = PBXFileReference; fileEncoding = 4; lastKnownFileType = text.script.perl; path = WritePNG.pl; sourceTree = "<group>"; };
		C34E890915E599E9004D6B14 /* WritePostScript.pl */ = {isa = PBXFileReference; fileEncoding = 4; lastKnownFileType = text.script.perl; path = WritePostScript.pl; sourceTree = "<group>"; };
		C34E890A15E599E9004D6B14 /* Writer.pl */ = {isa = PBXFileReference; fileEncoding = 4; lastKnownFileType = text.script.perl; path = Writer.pl; sourceTree = "<group>"; };
		C34E890B15E599E9004D6B14 /* WriteXMP.pl */ = {isa = PBXFileReference; fileEncoding = 4; lastKnownFileType = text.script.perl; path = WriteXMP.pl; sourceTree = "<group>"; };
		C34E890C15E599E9004D6B14 /* XMP.pm */ = {isa = PBXFileReference; fileEncoding = 4; lastKnownFileType = text.script.perl; path = XMP.pm; sourceTree = "<group>"; };
		C34E890D15E599E9004D6B14 /* XMP2.pl */ = {isa = PBXFileReference; fileEncoding = 4; lastKnownFileType = text.script.perl; path = XMP2.pl; sourceTree = "<group>"; };
		C34E890E15E599E9004D6B14 /* XMPStruct.pl */ = {isa = PBXFileReference; fileEncoding = 4; lastKnownFileType = text.script.perl; path = XMPStruct.pl; sourceTree = "<group>"; };
		C34E890F15E599E9004D6B14 /* ZIP.pm */ = {isa = PBXFileReference; fileEncoding = 4; lastKnownFileType = text.script.perl; path = ZIP.pm; sourceTree = "<group>"; };
		C34E891015E599E9004D6B14 /* ExifTool.pm */ = {isa = PBXFileReference; fileEncoding = 4; lastKnownFileType = text.script.perl; path = ExifTool.pm; sourceTree = "<group>"; };
		C34E891115E599E9004D6B14 /* ExifTool.pod */ = {isa = PBXFileReference; fileEncoding = 4; lastKnownFileType = text; path = ExifTool.pod; sourceTree = "<group>"; };
/* End PBXFileReference section */

/* Begin PBXFrameworksBuildPhase section */
		C34E881415E5809F004D6B14 /* Frameworks */ = {
			isa = PBXFrameworksBuildPhase;
			buildActionMask = 2147483647;
			files = (
				C34E881C15E5809F004D6B14 /* Cocoa.framework in Frameworks */,
			);
			runOnlyForDeploymentPostprocessing = 0;
		};
		C34E883415E580A0004D6B14 /* Frameworks */ = {
			isa = PBXFrameworksBuildPhase;
			buildActionMask = 2147483647;
			files = (
				C34E883A15E580A0004D6B14 /* SenTestingKit.framework in Frameworks */,
				C34E883B15E580A0004D6B14 /* Cocoa.framework in Frameworks */,
			);
			runOnlyForDeploymentPostprocessing = 0;
		};
/* End PBXFrameworksBuildPhase section */

/* Begin PBXGroup section */
		C34E880C15E5809F004D6B14 = {
			isa = PBXGroup;
			children = (
				C34E885215E5911D004D6B14 /* External */,
				C34E882115E5809F004D6B14 /* Smaphotag */,
				C34E883E15E580A0004D6B14 /* SmaphotagTests */,
				C34E881A15E5809F004D6B14 /* Frameworks */,
				C34E881815E5809F004D6B14 /* Products */,
			);
			sourceTree = "<group>";
		};
		C34E881815E5809F004D6B14 /* Products */ = {
			isa = PBXGroup;
			children = (
				C34E881715E5809F004D6B14 /* Smaphotag.app */,
				C34E883815E580A0004D6B14 /* SmaphotagTests.octest */,
			);
			name = Products;
			sourceTree = "<group>";
		};
		C34E881A15E5809F004D6B14 /* Frameworks */ = {
			isa = PBXGroup;
			children = (
				C34E881B15E5809F004D6B14 /* Cocoa.framework */,
				C34E883915E580A0004D6B14 /* SenTestingKit.framework */,
				C34E881D15E5809F004D6B14 /* Other Frameworks */,
			);
			name = Frameworks;
			sourceTree = "<group>";
		};
		C34E881D15E5809F004D6B14 /* Other Frameworks */ = {
			isa = PBXGroup;
			children = (
				C34E881E15E5809F004D6B14 /* AppKit.framework */,
				C34E881F15E5809F004D6B14 /* CoreData.framework */,
				C34E882015E5809F004D6B14 /* Foundation.framework */,
			);
			name = "Other Frameworks";
			sourceTree = "<group>";
		};
		C34E882115E5809F004D6B14 /* Smaphotag */ = {
			isa = PBXGroup;
			children = (
				C34E882D15E5809F004D6B14 /* SPTAppDelegate.h */,
				C34E882E15E5809F004D6B14 /* SPTAppDelegate.m */,
				C34E883015E580A0004D6B14 /* MainMenu.xib */,
				C34E882215E5809F004D6B14 /* Supporting Files */,
				C34E884F15E58452004D6B14 /* SPTPhotoTagger.h */,
				C34E885015E58452004D6B14 /* SPTPhotoTagger.m */,
			);
			path = Smaphotag;
			sourceTree = "<group>";
		};
		C34E882215E5809F004D6B14 /* Supporting Files */ = {
			isa = PBXGroup;
			children = (
				C34E882315E5809F004D6B14 /* Smaphotag-Info.plist */,
				C34E882415E5809F004D6B14 /* InfoPlist.strings */,
				C34E882715E5809F004D6B14 /* main.m */,
				C34E882915E5809F004D6B14 /* Smaphotag-Prefix.pch */,
				C34E882A15E5809F004D6B14 /* Credits.rtf */,
			);
			name = "Supporting Files";
			sourceTree = "<group>";
		};
		C34E883E15E580A0004D6B14 /* SmaphotagTests */ = {
			isa = PBXGroup;
			children = (
				C34E884415E580A0004D6B14 /* SmaphotagTests.h */,
				C34E884515E580A0004D6B14 /* SmaphotagTests.m */,
				C34E883F15E580A0004D6B14 /* Supporting Files */,
			);
			path = SmaphotagTests;
			sourceTree = "<group>";
		};
		C34E883F15E580A0004D6B14 /* Supporting Files */ = {
			isa = PBXGroup;
			children = (
				C34E884015E580A0004D6B14 /* SmaphotagTests-Info.plist */,
				C34E884115E580A0004D6B14 /* InfoPlist.strings */,
			);
			name = "Supporting Files";
			sourceTree = "<group>";
		};
		C34E885215E5911D004D6B14 /* External */ = {
			isa = PBXGroup;
			children = (
				C34E885515E599E9004D6B14 /* exiftool */,
			);
			path = External;
			sourceTree = "<group>";
		};
		C34E885515E599E9004D6B14 /* exiftool */ = {
			isa = PBXGroup;
			children = (
				C34E885615E599E9004D6B14 /* exiftool */,
				C34E885715E599E9004D6B14 /* lib */,
			);
			path = exiftool;
			sourceTree = "<group>";
		};
		C34E885715E599E9004D6B14 /* lib */ = {
			isa = PBXGroup;
			children = (
				C34E885815E599E9004D6B14 /* File */,
				C34E885B15E599E9004D6B14 /* Image */,
			);
			path = lib;
			sourceTree = "<group>";
		};
		C34E885815E599E9004D6B14 /* File */ = {
			isa = PBXGroup;
			children = (
				C34E885915E599E9004D6B14 /* RandomAccess.pm */,
				C34E885A15E599E9004D6B14 /* RandomAccess.pod */,
			);
			path = File;
			sourceTree = "<group>";
		};
		C34E885B15E599E9004D6B14 /* Image */ = {
			isa = PBXGroup;
			children = (
				C34E885C15E599E9004D6B14 /* ExifTool */,
				C34E891015E599E9004D6B14 /* ExifTool.pm */,
				C34E891115E599E9004D6B14 /* ExifTool.pod */,
			);
			path = Image;
			sourceTree = "<group>";
		};
		C34E885C15E599E9004D6B14 /* ExifTool */ = {
			isa = PBXGroup;
			children = (
				C34E885D15E599E9004D6B14 /* AES.pm */,
				C34E885E15E599E9004D6B14 /* AFCP.pm */,
				C34E885F15E599E9004D6B14 /* AIFF.pm */,
				C34E886015E599E9004D6B14 /* APE.pm */,
				C34E886115E599E9004D6B14 /* APP12.pm */,
				C34E886215E599E9004D6B14 /* ASF.pm */,
				C34E886315E599E9004D6B14 /* BigTIFF.pm */,
				C34E886415E599E9004D6B14 /* BMP.pm */,
				C34E886515E599E9004D6B14 /* BuildTagLookup.pm */,
				C34E886615E599E9004D6B14 /* BZZ.pm */,
				C34E886715E599E9004D6B14 /* Canon.pm */,
				C34E886815E599E9004D6B14 /* CanonCustom.pm */,
				C34E886915E599E9004D6B14 /* CanonRaw.pm */,
				C34E886A15E599E9004D6B14 /* CanonVRD.pm */,
				C34E886B15E599E9004D6B14 /* CaptureOne.pm */,
				C34E886C15E599E9004D6B14 /* Casio.pm */,
				C34E886D15E599E9004D6B14 /* Charset */,
				C34E888C15E599E9004D6B14 /* Charset.pm */,
				C34E888D15E599E9004D6B14 /* DICOM.pm */,
				C34E888E15E599E9004D6B14 /* DjVu.pm */,
				C34E888F15E599E9004D6B14 /* DNG.pm */,
				C34E889015E599E9004D6B14 /* DV.pm */,
				C34E889115E599E9004D6B14 /* EXE.pm */,
				C34E889215E599E9004D6B14 /* Exif.pm */,
				C34E889315E599E9004D6B14 /* Fixup.pm */,
				C34E889415E599E9004D6B14 /* FLAC.pm */,
				C34E889515E599E9004D6B14 /* Flash.pm */,
				C34E889615E599E9004D6B14 /* FlashPix.pm */,
				C34E889715E599E9004D6B14 /* Font.pm */,
				C34E889815E599E9004D6B14 /* FotoStation.pm */,
				C34E889915E599E9004D6B14 /* FujiFilm.pm */,
				C34E889A15E599E9004D6B14 /* GE.pm */,
				C34E889B15E599E9004D6B14 /* Geotag.pm */,
				C34E889C15E599E9004D6B14 /* GeoTiff.pm */,
				C34E889D15E599E9004D6B14 /* GIF.pm */,
				C34E889E15E599E9004D6B14 /* GIMP.pm */,
				C34E889F15E599E9004D6B14 /* GPS.pm */,
				C34E88A015E599E9004D6B14 /* H264.pm */,
				C34E88A115E599E9004D6B14 /* HP.pm */,
				C34E88A215E599E9004D6B14 /* HTML.pm */,
				C34E88A315E599E9004D6B14 /* HtmlDump.pm */,
				C34E88A415E599E9004D6B14 /* ICC_Profile.pm */,
				C34E88A515E599E9004D6B14 /* ID3.pm */,
				C34E88A615E599E9004D6B14 /* Import.pm */,
				C34E88A715E599E9004D6B14 /* InDesign.pm */,
				C34E88A815E599E9004D6B14 /* IPTC.pm */,
				C34E88A915E599E9004D6B14 /* ITC.pm */,
				C34E88AA15E599E9004D6B14 /* iWork.pm */,
				C34E88AB15E599E9004D6B14 /* JPEG.pm */,
				C34E88AC15E599E9004D6B14 /* Jpeg2000.pm */,
				C34E88AD15E599E9004D6B14 /* JPEGDigest.pm */,
				C34E88AE15E599E9004D6B14 /* JVC.pm */,
				C34E88AF15E599E9004D6B14 /* Kodak.pm */,
				C34E88B015E599E9004D6B14 /* KyoceraRaw.pm */,
				C34E88B115E599E9004D6B14 /* Lang */,
				C34E88C315E599E9004D6B14 /* Leaf.pm */,
				C34E88C415E599E9004D6B14 /* LNK.pm */,
				C34E88C515E599E9004D6B14 /* M2TS.pm */,
				C34E88C615E599E9004D6B14 /* MakerNotes.pm */,
				C34E88C715E599E9004D6B14 /* Matroska.pm */,
				C34E88C815E599E9004D6B14 /* Microsoft.pm */,
				C34E88C915E599E9004D6B14 /* MIE.pm */,
				C34E88CA15E599E9004D6B14 /* MIEUnits.pod */,
				C34E88CB15E599E9004D6B14 /* MIFF.pm */,
				C34E88CC15E599E9004D6B14 /* Minolta.pm */,
				C34E88CD15E599E9004D6B14 /* MinoltaRaw.pm */,
				C34E88CE15E599E9004D6B14 /* MNG.pm */,
				C34E88CF15E599E9004D6B14 /* MPC.pm */,
				C34E88D015E599E9004D6B14 /* MPEG.pm */,
				C34E88D115E599E9004D6B14 /* MPF.pm */,
				C34E88D215E599E9004D6B14 /* MWG.pm */,
				C34E88D315E599E9004D6B14 /* MXF.pm */,
				C34E88D415E599E9004D6B14 /* Nikon.pm */,
				C34E88D515E599E9004D6B14 /* NikonCapture.pm */,
				C34E88D615E599E9004D6B14 /* NikonCustom.pm */,
				C34E88D715E599E9004D6B14 /* Ogg.pm */,
				C34E88D815E599E9004D6B14 /* Olympus.pm */,
				C34E88D915E599E9004D6B14 /* OOXML.pm */,
				C34E88DA15E599E9004D6B14 /* OpenEXR.pm */,
				C34E88DB15E599E9004D6B14 /* Panasonic.pm */,
				C34E88DC15E599E9004D6B14 /* PanasonicRaw.pm */,
				C34E88DD15E599E9004D6B14 /* PDF.pm */,
				C34E88DE15E599E9004D6B14 /* Pentax.pm */,
				C34E88DF15E599E9004D6B14 /* PGF.pm */,
				C34E88E015E599E9004D6B14 /* PhotoCD.pm */,
				C34E88E115E599E9004D6B14 /* PhotoMechanic.pm */,
				C34E88E215E599E9004D6B14 /* Photoshop.pm */,
				C34E88E315E599E9004D6B14 /* PICT.pm */,
				C34E88E415E599E9004D6B14 /* PNG.pm */,
				C34E88E515E599E9004D6B14 /* PostScript.pm */,
				C34E88E615E599E9004D6B14 /* PPM.pm */,
				C34E88E715E599E9004D6B14 /* PrintIM.pm */,
				C34E88E815E599E9004D6B14 /* PSP.pm */,
				C34E88E915E599E9004D6B14 /* Qualcomm.pm */,
				C34E88EA15E599E9004D6B14 /* QuickTime.pm */,
				C34E88EB15E599E9004D6B14 /* Radiance.pm */,
				C34E88EC15E599E9004D6B14 /* Rawzor.pm */,
				C34E88ED15E599E9004D6B14 /* README */,
				C34E88EE15E599E9004D6B14 /* Real.pm */,
				C34E88EF15E599E9004D6B14 /* Reconyx.pm */,
				C34E88F015E599E9004D6B14 /* Ricoh.pm */,
				C34E88F115E599E9004D6B14 /* RIFF.pm */,
				C34E88F215E599E9004D6B14 /* RSRC.pm */,
				C34E88F315E599E9004D6B14 /* RTF.pm */,
				C34E88F415E599E9004D6B14 /* Samsung.pm */,
				C34E88F515E599E9004D6B14 /* Sanyo.pm */,
				C34E88F615E599E9004D6B14 /* Shift.pl */,
				C34E88F715E599E9004D6B14 /* Shortcuts.pm */,
				C34E88F815E599E9004D6B14 /* Sigma.pm */,
				C34E88F915E599E9004D6B14 /* SigmaRaw.pm */,
				C34E88FA15E599E9004D6B14 /* Sony.pm */,
				C34E88FB15E599E9004D6B14 /* SonyIDC.pm */,
				C34E88FC15E599E9004D6B14 /* Stim.pm */,
				C34E88FD15E599E9004D6B14 /* TagInfoXML.pm */,
				C34E88FE15E599E9004D6B14 /* TagLookup.pm */,
				C34E88FF15E599E9004D6B14 /* TagNames.pod */,
				C34E890015E599E9004D6B14 /* Theora.pm */,
				C34E890115E599E9004D6B14 /* Unknown.pm */,
				C34E890215E599E9004D6B14 /* Vorbis.pm */,
				C34E890315E599E9004D6B14 /* WriteCanonRaw.pl */,
				C34E890415E599E9004D6B14 /* WriteExif.pl */,
				C34E890515E599E9004D6B14 /* WriteIPTC.pl */,
				C34E890615E599E9004D6B14 /* WritePDF.pl */,
				C34E890715E599E9004D6B14 /* WritePhotoshop.pl */,
				C34E890815E599E9004D6B14 /* WritePNG.pl */,
				C34E890915E599E9004D6B14 /* WritePostScript.pl */,
				C34E890A15E599E9004D6B14 /* Writer.pl */,
				C34E890B15E599E9004D6B14 /* WriteXMP.pl */,
				C34E890C15E599E9004D6B14 /* XMP.pm */,
				C34E890D15E599E9004D6B14 /* XMP2.pl */,
				C34E890E15E599E9004D6B14 /* XMPStruct.pl */,
				C34E890F15E599E9004D6B14 /* ZIP.pm */,
			);
			path = ExifTool;
			sourceTree = "<group>";
		};
		C34E886D15E599E9004D6B14 /* Charset */ = {
			isa = PBXGroup;
			children = (
				C34E886E15E599E9004D6B14 /* Arabic.pm */,
				C34E886F15E599E9004D6B14 /* Baltic.pm */,
				C34E887015E599E9004D6B14 /* Cyrillic.pm */,
				C34E887115E599E9004D6B14 /* Greek.pm */,
				C34E887215E599E9004D6B14 /* Hebrew.pm */,
				C34E887315E599E9004D6B14 /* JIS.pm */,
				C34E887415E599E9004D6B14 /* Latin.pm */,
				C34E887515E599E9004D6B14 /* Latin2.pm */,
				C34E887615E599E9004D6B14 /* MacArabic.pm */,
				C34E887715E599E9004D6B14 /* MacChineseCN.pm */,
				C34E887815E599E9004D6B14 /* MacChineseTW.pm */,
				C34E887915E599E9004D6B14 /* MacCroatian.pm */,
				C34E887A15E599E9004D6B14 /* MacCyrillic.pm */,
				C34E887B15E599E9004D6B14 /* MacGreek.pm */,
				C34E887C15E599E9004D6B14 /* MacHebrew.pm */,
				C34E887D15E599E9004D6B14 /* MacIceland.pm */,
				C34E887E15E599E9004D6B14 /* MacJapanese.pm */,
				C34E887F15E599E9004D6B14 /* MacKorean.pm */,
				C34E888015E599E9004D6B14 /* MacLatin2.pm */,
				C34E888115E599E9004D6B14 /* MacRoman.pm */,
				C34E888215E599E9004D6B14 /* MacRomanian.pm */,
				C34E888315E599E9004D6B14 /* MacRSymbol.pm */,
				C34E888415E599E9004D6B14 /* MacThai.pm */,
				C34E888515E599E9004D6B14 /* MacTurkish.pm */,
				C34E888615E599E9004D6B14 /* PDFDoc.pm */,
				C34E888715E599E9004D6B14 /* ShiftJIS.pm */,
				C34E888815E599E9004D6B14 /* Symbol.pm */,
				C34E888915E599E9004D6B14 /* Thai.pm */,
				C34E888A15E599E9004D6B14 /* Turkish.pm */,
				C34E888B15E599E9004D6B14 /* Vietnam.pm */,
			);
			path = Charset;
			sourceTree = "<group>";
		};
		C34E88B115E599E9004D6B14 /* Lang */ = {
			isa = PBXGroup;
			children = (
				C34E88B215E599E9004D6B14 /* cs.pm */,
				C34E88B315E599E9004D6B14 /* de.pm */,
				C34E88B415E599E9004D6B14 /* en_ca.pm */,
				C34E88B515E599E9004D6B14 /* en_gb.pm */,
				C34E88B615E599E9004D6B14 /* es.pm */,
				C34E88B715E599E9004D6B14 /* fi.pm */,
				C34E88B815E599E9004D6B14 /* fr.pm */,
				C34E88B915E599E9004D6B14 /* it.pm */,
				C34E88BA15E599E9004D6B14 /* ja.pm */,
				C34E88BB15E599E9004D6B14 /* ko.pm */,
				C34E88BC15E599E9004D6B14 /* nl.pm */,
				C34E88BD15E599E9004D6B14 /* pl.pm */,
				C34E88BE15E599E9004D6B14 /* ru.pm */,
				C34E88BF15E599E9004D6B14 /* sv.pm */,
				C34E88C015E599E9004D6B14 /* tr.pm */,
				C34E88C115E599E9004D6B14 /* zh_cn.pm */,
				C34E88C215E599E9004D6B14 /* zh_tw.pm */,
			);
			path = Lang;
			sourceTree = "<group>";
		};
/* End PBXGroup section */

/* Begin PBXNativeTarget section */
		C34E881615E5809F004D6B14 /* Smaphotag */ = {
			isa = PBXNativeTarget;
			buildConfigurationList = C34E884915E580A0004D6B14 /* Build configuration list for PBXNativeTarget "Smaphotag" */;
			buildPhases = (
				C34E881315E5809F004D6B14 /* Sources */,
				C34E881415E5809F004D6B14 /* Frameworks */,
				C34E881515E5809F004D6B14 /* Resources */,
			);
			buildRules = (
			);
			dependencies = (
			);
			name = Smaphotag;
			productName = Smaphotag;
			productReference = C34E881715E5809F004D6B14 /* Smaphotag.app */;
			productType = "com.apple.product-type.application";
		};
		C34E883715E580A0004D6B14 /* SmaphotagTests */ = {
			isa = PBXNativeTarget;
			buildConfigurationList = C34E884C15E580A0004D6B14 /* Build configuration list for PBXNativeTarget "SmaphotagTests" */;
			buildPhases = (
				C34E883315E580A0004D6B14 /* Sources */,
				C34E883415E580A0004D6B14 /* Frameworks */,
				C34E883515E580A0004D6B14 /* Resources */,
				C34E883615E580A0004D6B14 /* ShellScript */,
			);
			buildRules = (
			);
			dependencies = (
				C34E883D15E580A0004D6B14 /* PBXTargetDependency */,
			);
			name = SmaphotagTests;
			productName = SmaphotagTests;
			productReference = C34E883815E580A0004D6B14 /* SmaphotagTests.octest */;
			productType = "com.apple.product-type.bundle";
		};
/* End PBXNativeTarget section */

/* Begin PBXProject section */
		C34E880E15E5809F004D6B14 /* Project object */ = {
			isa = PBXProject;
			attributes = {
				CLASSPREFIX = SPT;
				LastUpgradeCheck = 0440;
				ORGANIZATIONNAME = "Dennis Schmidt";
			};
			buildConfigurationList = C34E881115E5809F004D6B14 /* Build configuration list for PBXProject "Smaphotag" */;
			compatibilityVersion = "Xcode 3.2";
			developmentRegion = English;
			hasScannedForEncodings = 0;
			knownRegions = (
				en,
			);
			mainGroup = C34E880C15E5809F004D6B14;
			productRefGroup = C34E881815E5809F004D6B14 /* Products */;
			projectDirPath = "";
			projectRoot = "";
			targets = (
				C34E881615E5809F004D6B14 /* Smaphotag */,
				C34E883715E580A0004D6B14 /* SmaphotagTests */,
			);
		};
/* End PBXProject section */

/* Begin PBXResourcesBuildPhase section */
		C34E881515E5809F004D6B14 /* Resources */ = {
			isa = PBXResourcesBuildPhase;
			buildActionMask = 2147483647;
			files = (
				C34E882615E5809F004D6B14 /* InfoPlist.strings in Resources */,
				C34E882C15E5809F004D6B14 /* Credits.rtf in Resources */,
				C34E883215E580A0004D6B14 /* MainMenu.xib in Resources */,
				C34E891215E599EA004D6B14 /* exiftool in Resources */,
				C34E891315E599EA004D6B14 /* RandomAccess.pm in Resources */,
				C34E891415E599EA004D6B14 /* RandomAccess.pod in Resources */,
				C34E891515E599EA004D6B14 /* AES.pm in Resources */,
				C34E891615E599EA004D6B14 /* AFCP.pm in Resources */,
				C34E891715E599EA004D6B14 /* AIFF.pm in Resources */,
				C34E891815E599EA004D6B14 /* APE.pm in Resources */,
				C34E891915E599EA004D6B14 /* APP12.pm in Resources */,
				C34E891A15E599EA004D6B14 /* ASF.pm in Resources */,
				C34E891B15E599EA004D6B14 /* BigTIFF.pm in Resources */,
				C34E891C15E599EA004D6B14 /* BMP.pm in Resources */,
				C34E891D15E599EA004D6B14 /* BuildTagLookup.pm in Resources */,
				C34E891E15E599EA004D6B14 /* BZZ.pm in Resources */,
				C34E891F15E599EA004D6B14 /* Canon.pm in Resources */,
				C34E892015E599EA004D6B14 /* CanonCustom.pm in Resources */,
				C34E892115E599EA004D6B14 /* CanonRaw.pm in Resources */,
				C34E892215E599EA004D6B14 /* CanonVRD.pm in Resources */,
				C34E892315E599EA004D6B14 /* CaptureOne.pm in Resources */,
				C34E892415E599EA004D6B14 /* Casio.pm in Resources */,
				C34E892515E599EA004D6B14 /* Arabic.pm in Resources */,
				C34E892615E599EA004D6B14 /* Baltic.pm in Resources */,
				C34E892715E599EA004D6B14 /* Cyrillic.pm in Resources */,
				C34E892815E599EA004D6B14 /* Greek.pm in Resources */,
				C34E892915E599EA004D6B14 /* Hebrew.pm in Resources */,
				C34E892A15E599EA004D6B14 /* JIS.pm in Resources */,
				C34E892B15E599EA004D6B14 /* Latin.pm in Resources */,
				C34E892C15E599EA004D6B14 /* Latin2.pm in Resources */,
				C34E892D15E599EA004D6B14 /* MacArabic.pm in Resources */,
				C34E892E15E599EA004D6B14 /* MacChineseCN.pm in Resources */,
				C34E892F15E599EA004D6B14 /* MacChineseTW.pm in Resources */,
				C34E893015E599EA004D6B14 /* MacCroatian.pm in Resources */,
				C34E893115E599EA004D6B14 /* MacCyrillic.pm in Resources */,
				C34E893215E599EA004D6B14 /* MacGreek.pm in Resources */,
				C34E893315E599EA004D6B14 /* MacHebrew.pm in Resources */,
				C34E893415E599EA004D6B14 /* MacIceland.pm in Resources */,
				C34E893515E599EA004D6B14 /* MacJapanese.pm in Resources */,
				C34E893615E599EA004D6B14 /* MacKorean.pm in Resources */,
				C34E893715E599EA004D6B14 /* MacLatin2.pm in Resources */,
				C34E893815E599EA004D6B14 /* MacRoman.pm in Resources */,
				C34E893915E599EA004D6B14 /* MacRomanian.pm in Resources */,
				C34E893A15E599EA004D6B14 /* MacRSymbol.pm in Resources */,
				C34E893B15E599EA004D6B14 /* MacThai.pm in Resources */,
				C34E893C15E599EA004D6B14 /* MacTurkish.pm in Resources */,
				C34E893D15E599EA004D6B14 /* PDFDoc.pm in Resources */,
				C34E893E15E599EA004D6B14 /* ShiftJIS.pm in Resources */,
				C34E893F15E599EA004D6B14 /* Symbol.pm in Resources */,
				C34E894015E599EA004D6B14 /* Thai.pm in Resources */,
				C34E894115E599EA004D6B14 /* Turkish.pm in Resources */,
				C34E894215E599EA004D6B14 /* Vietnam.pm in Resources */,
				C34E894315E599EA004D6B14 /* Charset.pm in Resources */,
				C34E894415E599EA004D6B14 /* DICOM.pm in Resources */,
				C34E894515E599EA004D6B14 /* DjVu.pm in Resources */,
				C34E894615E599EA004D6B14 /* DNG.pm in Resources */,
				C34E894715E599EA004D6B14 /* DV.pm in Resources */,
				C34E894815E599EA004D6B14 /* EXE.pm in Resources */,
				C34E894915E599EA004D6B14 /* Exif.pm in Resources */,
				C34E894A15E599EA004D6B14 /* Fixup.pm in Resources */,
				C34E894B15E599EA004D6B14 /* FLAC.pm in Resources */,
				C34E894C15E599EA004D6B14 /* Flash.pm in Resources */,
				C34E894D15E599EA004D6B14 /* FlashPix.pm in Resources */,
				C34E894E15E599EA004D6B14 /* Font.pm in Resources */,
				C34E894F15E599EA004D6B14 /* FotoStation.pm in Resources */,
				C34E895015E599EA004D6B14 /* FujiFilm.pm in Resources */,
				C34E895115E599EA004D6B14 /* GE.pm in Resources */,
				C34E895215E599EA004D6B14 /* Geotag.pm in Resources */,
				C34E895315E599EA004D6B14 /* GeoTiff.pm in Resources */,
				C34E895415E599EA004D6B14 /* GIF.pm in Resources */,
				C34E895515E599EA004D6B14 /* GIMP.pm in Resources */,
				C34E895615E599EA004D6B14 /* GPS.pm in Resources */,
				C34E895715E599EA004D6B14 /* H264.pm in Resources */,
				C34E895815E599EA004D6B14 /* HP.pm in Resources */,
				C34E895915E599EA004D6B14 /* HTML.pm in Resources */,
				C34E895A15E599EA004D6B14 /* HtmlDump.pm in Resources */,
				C34E895B15E599EA004D6B14 /* ICC_Profile.pm in Resources */,
				C34E895C15E599EA004D6B14 /* ID3.pm in Resources */,
				C34E895D15E599EA004D6B14 /* Import.pm in Resources */,
				C34E895E15E599EA004D6B14 /* InDesign.pm in Resources */,
				C34E895F15E599EA004D6B14 /* IPTC.pm in Resources */,
				C34E896015E599EA004D6B14 /* ITC.pm in Resources */,
				C34E896115E599EA004D6B14 /* iWork.pm in Resources */,
				C34E896215E599EA004D6B14 /* JPEG.pm in Resources */,
				C34E896315E599EA004D6B14 /* Jpeg2000.pm in Resources */,
				C34E896415E599EA004D6B14 /* JPEGDigest.pm in Resources */,
				C34E896515E599EA004D6B14 /* JVC.pm in Resources */,
				C34E896615E599EA004D6B14 /* Kodak.pm in Resources */,
				C34E896715E599EA004D6B14 /* KyoceraRaw.pm in Resources */,
				C34E896815E599EA004D6B14 /* cs.pm in Resources */,
				C34E896915E599EA004D6B14 /* de.pm in Resources */,
				C34E896A15E599EA004D6B14 /* en_ca.pm in Resources */,
				C34E896B15E599EA004D6B14 /* en_gb.pm in Resources */,
				C34E896C15E599EA004D6B14 /* es.pm in Resources */,
				C34E896D15E599EA004D6B14 /* fi.pm in Resources */,
				C34E896E15E599EA004D6B14 /* fr.pm in Resources */,
				C34E896F15E599EA004D6B14 /* it.pm in Resources */,
				C34E897015E599EA004D6B14 /* ja.pm in Resources */,
				C34E897115E599EA004D6B14 /* ko.pm in Resources */,
				C34E897215E599EA004D6B14 /* nl.pm in Resources */,
				C34E897315E599EA004D6B14 /* pl.pm in Resources */,
				C34E897415E599EA004D6B14 /* ru.pm in Resources */,
				C34E897515E599EA004D6B14 /* sv.pm in Resources */,
				C34E897615E599EA004D6B14 /* tr.pm in Resources */,
				C34E897715E599EA004D6B14 /* zh_cn.pm in Resources */,
				C34E897815E599EA004D6B14 /* zh_tw.pm in Resources */,
				C34E897915E599EA004D6B14 /* Leaf.pm in Resources */,
				C34E897A15E599EA004D6B14 /* LNK.pm in Resources */,
				C34E897B15E599EA004D6B14 /* M2TS.pm in Resources */,
				C34E897C15E599EA004D6B14 /* MakerNotes.pm in Resources */,
				C34E897D15E599EA004D6B14 /* Matroska.pm in Resources */,
				C34E897E15E599EA004D6B14 /* Microsoft.pm in Resources */,
				C34E897F15E599EA004D6B14 /* MIE.pm in Resources */,
				C34E898015E599EA004D6B14 /* MIEUnits.pod in Resources */,
				C34E898115E599EA004D6B14 /* MIFF.pm in Resources */,
				C34E898215E599EA004D6B14 /* Minolta.pm in Resources */,
				C34E898315E599EA004D6B14 /* MinoltaRaw.pm in Resources */,
				C34E898415E599EA004D6B14 /* MNG.pm in Resources */,
				C34E898515E599EA004D6B14 /* MPC.pm in Resources */,
				C34E898615E599EA004D6B14 /* MPEG.pm in Resources */,
				C34E898715E599EA004D6B14 /* MPF.pm in Resources */,
				C34E898815E599EA004D6B14 /* MWG.pm in Resources */,
				C34E898915E599EA004D6B14 /* MXF.pm in Resources */,
				C34E898A15E599EA004D6B14 /* Nikon.pm in Resources */,
				C34E898B15E599EA004D6B14 /* NikonCapture.pm in Resources */,
				C34E898C15E599EA004D6B14 /* NikonCustom.pm in Resources */,
				C34E898D15E599EA004D6B14 /* Ogg.pm in Resources */,
				C34E898E15E599EA004D6B14 /* Olympus.pm in Resources */,
				C34E898F15E599EA004D6B14 /* OOXML.pm in Resources */,
				C34E899015E599EA004D6B14 /* OpenEXR.pm in Resources */,
				C34E899115E599EA004D6B14 /* Panasonic.pm in Resources */,
				C34E899215E599EA004D6B14 /* PanasonicRaw.pm in Resources */,
				C34E899315E599EA004D6B14 /* PDF.pm in Resources */,
				C34E899415E599EA004D6B14 /* Pentax.pm in Resources */,
				C34E899515E599EA004D6B14 /* PGF.pm in Resources */,
				C34E899615E599EA004D6B14 /* PhotoCD.pm in Resources */,
				C34E899715E599EA004D6B14 /* PhotoMechanic.pm in Resources */,
				C34E899815E599EA004D6B14 /* Photoshop.pm in Resources */,
				C34E899915E599EA004D6B14 /* PICT.pm in Resources */,
				C34E899A15E599EA004D6B14 /* PNG.pm in Resources */,
				C34E899B15E599EA004D6B14 /* PostScript.pm in Resources */,
				C34E899C15E599EA004D6B14 /* PPM.pm in Resources */,
				C34E899D15E599EA004D6B14 /* PrintIM.pm in Resources */,
				C34E899E15E599EA004D6B14 /* PSP.pm in Resources */,
				C34E899F15E599EA004D6B14 /* Qualcomm.pm in Resources */,
				C34E89A015E599EA004D6B14 /* QuickTime.pm in Resources */,
				C34E89A115E599EA004D6B14 /* Radiance.pm in Resources */,
				C34E89A215E599EA004D6B14 /* Rawzor.pm in Resources */,
				C34E89A315E599EA004D6B14 /* README in Resources */,
				C34E89A415E599EA004D6B14 /* Real.pm in Resources */,
				C34E89A515E599EA004D6B14 /* Reconyx.pm in Resources */,
				C34E89A615E599EA004D6B14 /* Ricoh.pm in Resources */,
				C34E89A715E599EA004D6B14 /* RIFF.pm in Resources */,
				C34E89A815E599EA004D6B14 /* RSRC.pm in Resources */,
				C34E89A915E599EA004D6B14 /* RTF.pm in Resources */,
				C34E89AA15E599EA004D6B14 /* Samsung.pm in Resources */,
				C34E89AB15E599EA004D6B14 /* Sanyo.pm in Resources */,
				C34E89AC15E599EA004D6B14 /* Shift.pl in Resources */,
				C34E89AD15E599EA004D6B14 /* Shortcuts.pm in Resources */,
				C34E89AE15E599EA004D6B14 /* Sigma.pm in Resources */,
				C34E89AF15E599EA004D6B14 /* SigmaRaw.pm in Resources */,
				C34E89B015E599EA004D6B14 /* Sony.pm in Resources */,
				C34E89B115E599EA004D6B14 /* SonyIDC.pm in Resources */,
				C34E89B215E599EA004D6B14 /* Stim.pm in Resources */,
				C34E89B315E599EA004D6B14 /* TagInfoXML.pm in Resources */,
				C34E89B415E599EA004D6B14 /* TagLookup.pm in Resources */,
				C34E89B515E599EA004D6B14 /* TagNames.pod in Resources */,
				C34E89B615E599EA004D6B14 /* Theora.pm in Resources */,
				C34E89B715E599EA004D6B14 /* Unknown.pm in Resources */,
				C34E89B815E599EA004D6B14 /* Vorbis.pm in Resources */,
				C34E89B915E599EA004D6B14 /* WriteCanonRaw.pl in Resources */,
				C34E89BA15E599EA004D6B14 /* WriteExif.pl in Resources */,
				C34E89BB15E599EA004D6B14 /* WriteIPTC.pl in Resources */,
				C34E89BC15E599EA004D6B14 /* WritePDF.pl in Resources */,
				C34E89BD15E599EA004D6B14 /* WritePhotoshop.pl in Resources */,
				C34E89BE15E599EA004D6B14 /* WritePNG.pl in Resources */,
				C34E89BF15E599EA004D6B14 /* WritePostScript.pl in Resources */,
				C34E89C015E599EA004D6B14 /* Writer.pl in Resources */,
				C34E89C115E599EA004D6B14 /* WriteXMP.pl in Resources */,
				C34E89C215E599EA004D6B14 /* XMP.pm in Resources */,
				C34E89C315E599EA004D6B14 /* XMP2.pl in Resources */,
				C34E89C415E599EA004D6B14 /* XMPStruct.pl in Resources */,
				C34E89C515E599EA004D6B14 /* ZIP.pm in Resources */,
				C34E89C615E599EA004D6B14 /* ExifTool.pm in Resources */,
				C34E89C715E599EA004D6B14 /* ExifTool.pod in Resources */,
			);
			runOnlyForDeploymentPostprocessing = 0;
		};
		C34E883515E580A0004D6B14 /* Resources */ = {
			isa = PBXResourcesBuildPhase;
			buildActionMask = 2147483647;
			files = (
				C34E884315E580A0004D6B14 /* InfoPlist.strings in Resources */,
			);
			runOnlyForDeploymentPostprocessing = 0;
		};
/* End PBXResourcesBuildPhase section */

/* Begin PBXShellScriptBuildPhase section */
		C34E883615E580A0004D6B14 /* ShellScript */ = {
			isa = PBXShellScriptBuildPhase;
			buildActionMask = 2147483647;
			files = (
			);
			inputPaths = (
			);
			outputPaths = (
			);
			runOnlyForDeploymentPostprocessing = 0;
			shellPath = /bin/sh;
			shellScript = "# Run the unit tests in this test bundle.\n\"${SYSTEM_DEVELOPER_DIR}/Tools/RunUnitTests\"\n";
		};
/* End PBXShellScriptBuildPhase section */

/* Begin PBXSourcesBuildPhase section */
		C34E881315E5809F004D6B14 /* Sources */ = {
			isa = PBXSourcesBuildPhase;
			buildActionMask = 2147483647;
			files = (
				C34E882815E5809F004D6B14 /* main.m in Sources */,
				C34E882F15E5809F004D6B14 /* SPTAppDelegate.m in Sources */,
				C34E885115E58452004D6B14 /* SPTPhotoTagger.m in Sources */,
			);
			runOnlyForDeploymentPostprocessing = 0;
		};
		C34E883315E580A0004D6B14 /* Sources */ = {
			isa = PBXSourcesBuildPhase;
			buildActionMask = 2147483647;
			files = (
				C34E884615E580A0004D6B14 /* SmaphotagTests.m in Sources */,
			);
			runOnlyForDeploymentPostprocessing = 0;
		};
/* End PBXSourcesBuildPhase section */

/* Begin PBXTargetDependency section */
		C34E883D15E580A0004D6B14 /* PBXTargetDependency */ = {
			isa = PBXTargetDependency;
			target = C34E881615E5809F004D6B14 /* Smaphotag */;
			targetProxy = C34E883C15E580A0004D6B14 /* PBXContainerItemProxy */;
		};
/* End PBXTargetDependency section */

/* Begin PBXVariantGroup section */
		C34E882415E5809F004D6B14 /* InfoPlist.strings */ = {
			isa = PBXVariantGroup;
			children = (
				C34E882515E5809F004D6B14 /* en */,
			);
			name = InfoPlist.strings;
			sourceTree = "<group>";
		};
		C34E882A15E5809F004D6B14 /* Credits.rtf */ = {
			isa = PBXVariantGroup;
			children = (
				C34E882B15E5809F004D6B14 /* en */,
			);
			name = Credits.rtf;
			sourceTree = "<group>";
		};
		C34E883015E580A0004D6B14 /* MainMenu.xib */ = {
			isa = PBXVariantGroup;
			children = (
				C34E883115E580A0004D6B14 /* en */,
			);
			name = MainMenu.xib;
			sourceTree = "<group>";
		};
		C34E884115E580A0004D6B14 /* InfoPlist.strings */ = {
			isa = PBXVariantGroup;
			children = (
				C34E884215E580A0004D6B14 /* en */,
			);
			name = InfoPlist.strings;
			sourceTree = "<group>";
		};
/* End PBXVariantGroup section */

/* Begin XCBuildConfiguration section */
		C34E884715E580A0004D6B14 /* Debug */ = {
			isa = XCBuildConfiguration;
			buildSettings = {
				ALWAYS_SEARCH_USER_PATHS = NO;
				ARCHS = "$(ARCHS_STANDARD_64_BIT)";
				CLANG_CXX_LANGUAGE_STANDARD = "gnu++0x";
				CLANG_ENABLE_OBJC_ARC = YES;
				CLANG_WARN__DUPLICATE_METHOD_MATCH = YES;
				COPY_PHASE_STRIP = NO;
				GCC_C_LANGUAGE_STANDARD = gnu99;
				GCC_DYNAMIC_NO_PIC = NO;
				GCC_ENABLE_OBJC_EXCEPTIONS = YES;
				GCC_OPTIMIZATION_LEVEL = 0;
				GCC_PREPROCESSOR_DEFINITIONS = (
					"DEBUG=1",
					"$(inherited)",
				);
				GCC_SYMBOLS_PRIVATE_EXTERN = NO;
				GCC_WARN_64_TO_32_BIT_CONVERSION = YES;
				GCC_WARN_ABOUT_RETURN_TYPE = YES;
				GCC_WARN_UNINITIALIZED_AUTOS = YES;
				GCC_WARN_UNUSED_VARIABLE = YES;
				MACOSX_DEPLOYMENT_TARGET = 10.8;
				ONLY_ACTIVE_ARCH = YES;
				SDKROOT = macosx;
			};
			name = Debug;
		};
		C34E884815E580A0004D6B14 /* Release */ = {
			isa = XCBuildConfiguration;
			buildSettings = {
				ALWAYS_SEARCH_USER_PATHS = NO;
				ARCHS = "$(ARCHS_STANDARD_64_BIT)";
				CLANG_CXX_LANGUAGE_STANDARD = "gnu++0x";
				CLANG_ENABLE_OBJC_ARC = YES;
				CLANG_WARN__DUPLICATE_METHOD_MATCH = YES;
				COPY_PHASE_STRIP = YES;
				DEBUG_INFORMATION_FORMAT = "dwarf-with-dsym";
				GCC_C_LANGUAGE_STANDARD = gnu99;
				GCC_ENABLE_OBJC_EXCEPTIONS = YES;
				GCC_WARN_64_TO_32_BIT_CONVERSION = YES;
				GCC_WARN_ABOUT_RETURN_TYPE = YES;
				GCC_WARN_UNINITIALIZED_AUTOS = YES;
				GCC_WARN_UNUSED_VARIABLE = YES;
				MACOSX_DEPLOYMENT_TARGET = 10.8;
				SDKROOT = macosx;
			};
			name = Release;
		};
		C34E884A15E580A0004D6B14 /* Debug */ = {
			isa = XCBuildConfiguration;
			buildSettings = {
				COMBINE_HIDPI_IMAGES = YES;
				GCC_PRECOMPILE_PREFIX_HEADER = YES;
				GCC_PREFIX_HEADER = "Smaphotag/Smaphotag-Prefix.pch";
				INFOPLIST_FILE = "Smaphotag/Smaphotag-Info.plist";
				LIBRARY_SEARCH_PATHS = (
					"$(inherited)",
					"\"$(SRCROOT)/External\"",
				);
				PRODUCT_NAME = "$(TARGET_NAME)";
				WRAPPER_EXTENSION = app;
			};
			name = Debug;
		};
		C34E884B15E580A0004D6B14 /* Release */ = {
			isa = XCBuildConfiguration;
			buildSettings = {
				COMBINE_HIDPI_IMAGES = YES;
				GCC_PRECOMPILE_PREFIX_HEADER = YES;
				GCC_PREFIX_HEADER = "Smaphotag/Smaphotag-Prefix.pch";
				INFOPLIST_FILE = "Smaphotag/Smaphotag-Info.plist";
				LIBRARY_SEARCH_PATHS = (
					"$(inherited)",
					"\"$(SRCROOT)/External\"",
				);
				PRODUCT_NAME = "$(TARGET_NAME)";
				WRAPPER_EXTENSION = app;
			};
			name = Release;
		};
		C34E884D15E580A0004D6B14 /* Debug */ = {
			isa = XCBuildConfiguration;
			buildSettings = {
				BUNDLE_LOADER = "$(BUILT_PRODUCTS_DIR)/Smaphotag.app/Contents/MacOS/Smaphotag";
				COMBINE_HIDPI_IMAGES = YES;
				FRAMEWORK_SEARCH_PATHS = "\"$(DEVELOPER_LIBRARY_DIR)/Frameworks\"";
				GCC_PRECOMPILE_PREFIX_HEADER = YES;
				GCC_PREFIX_HEADER = "Smaphotag/Smaphotag-Prefix.pch";
				INFOPLIST_FILE = "SmaphotagTests/SmaphotagTests-Info.plist";
				PRODUCT_NAME = "$(TARGET_NAME)";
				TEST_HOST = "$(BUNDLE_LOADER)";
				WRAPPER_EXTENSION = octest;
			};
			name = Debug;
		};
		C34E884E15E580A0004D6B14 /* Release */ = {
			isa = XCBuildConfiguration;
			buildSettings = {
				BUNDLE_LOADER = "$(BUILT_PRODUCTS_DIR)/Smaphotag.app/Contents/MacOS/Smaphotag";
				COMBINE_HIDPI_IMAGES = YES;
				FRAMEWORK_SEARCH_PATHS = "\"$(DEVELOPER_LIBRARY_DIR)/Frameworks\"";
				GCC_PRECOMPILE_PREFIX_HEADER = YES;
				GCC_PREFIX_HEADER = "Smaphotag/Smaphotag-Prefix.pch";
				INFOPLIST_FILE = "SmaphotagTests/SmaphotagTests-Info.plist";
				PRODUCT_NAME = "$(TARGET_NAME)";
				TEST_HOST = "$(BUNDLE_LOADER)";
				WRAPPER_EXTENSION = octest;
			};
			name = Release;
		};
/* End XCBuildConfiguration section */

/* Begin XCConfigurationList section */
		C34E881115E5809F004D6B14 /* Build configuration list for PBXProject "Smaphotag" */ = {
			isa = XCConfigurationList;
			buildConfigurations = (
				C34E884715E580A0004D6B14 /* Debug */,
				C34E884815E580A0004D6B14 /* Release */,
			);
			defaultConfigurationIsVisible = 0;
			defaultConfigurationName = Release;
		};
		C34E884915E580A0004D6B14 /* Build configuration list for PBXNativeTarget "Smaphotag" */ = {
			isa = XCConfigurationList;
			buildConfigurations = (
				C34E884A15E580A0004D6B14 /* Debug */,
				C34E884B15E580A0004D6B14 /* Release */,
			);
			defaultConfigurationIsVisible = 0;
		};
		C34E884C15E580A0004D6B14 /* Build configuration list for PBXNativeTarget "SmaphotagTests" */ = {
			isa = XCConfigurationList;
			buildConfigurations = (
				C34E884D15E580A0004D6B14 /* Debug */,
				C34E884E15E580A0004D6B14 /* Release */,
			);
			defaultConfigurationIsVisible = 0;
		};
/* End XCConfigurationList section */
	};
	rootObject = C34E880E15E5809F004D6B14 /* Project object */;
}
